// !$*UTF8*$!
{
	archiveVersion = 1;
	classes = {
	};
	objectVersion = 52;
	objects = {

/* Begin PBXBuildFile section */
		0701648C202F1CDF001207BF /* GoogleService-Info.plist in Resources */ = {isa = PBXBuildFile; fileRef = 0701648B202F1CDE001207BF /* GoogleService-Info.plist */; };
		0752ADD82094CEE800F0EC42 /* SettingsViewController.swift in Sources */ = {isa = PBXBuildFile; fileRef = 0752ADD72094CEE800F0EC42 /* SettingsViewController.swift */; };
		0752ADDB2094D10500F0EC42 /* Localizable.strings in Resources */ = {isa = PBXBuildFile; fileRef = 0752ADDA2094D10500F0EC42 /* Localizable.strings */; };
		078387941E26E6DF007D298A /* AppDelegate.swift in Sources */ = {isa = PBXBuildFile; fileRef = 078387931E26E6DF007D298A /* AppDelegate.swift */; };
		078387961E26E6DF007D298A /* MainViewController.swift in Sources */ = {isa = PBXBuildFile; fileRef = 078387951E26E6DF007D298A /* MainViewController.swift */; };
		0783879B1E26E6E0007D298A /* Assets.xcassets in Resources */ = {isa = PBXBuildFile; fileRef = 0783879A1E26E6E0007D298A /* Assets.xcassets */; };
		0783879E1E26E6E0007D298A /* LaunchScreen.storyboard in Resources */ = {isa = PBXBuildFile; fileRef = 0783879C1E26E6E0007D298A /* LaunchScreen.storyboard */; };
		078387B41E26E6E0007D298A /* FunJCamUITests.swift in Sources */ = {isa = PBXBuildFile; fileRef = 078387B31E26E6E0007D298A /* FunJCamUITests.swift */; };
		078387C81E26EB0C007D298A /* FunJCamExtension.swift in Sources */ = {isa = PBXBuildFile; fileRef = 078387C71E26EB0C007D298A /* FunJCamExtension.swift */; };
		078387CA1E26EB2A007D298A /* FJViewController.swift in Sources */ = {isa = PBXBuildFile; fileRef = 078387C91E26EB2A007D298A /* FJViewController.swift */; };
		078387E01E26F4C4007D298A /* EmptySearchGridCell.swift in Sources */ = {isa = PBXBuildFile; fileRef = 078387DA1E26F4C4007D298A /* EmptySearchGridCell.swift */; };
		078387E11E26F4C4007D298A /* EmptySearchGridCell.xib in Resources */ = {isa = PBXBuildFile; fileRef = 078387DB1E26F4C4007D298A /* EmptySearchGridCell.xib */; };
		078387E21E26F4C4007D298A /* LoadMoreGridCell.swift in Sources */ = {isa = PBXBuildFile; fileRef = 078387DC1E26F4C4007D298A /* LoadMoreGridCell.swift */; };
		078387E31E26F4C4007D298A /* LoadMoreGridCell.xib in Resources */ = {isa = PBXBuildFile; fileRef = 078387DD1E26F4C4007D298A /* LoadMoreGridCell.xib */; };
		078387E41E26F4C4007D298A /* SearchedImageGridCell.swift in Sources */ = {isa = PBXBuildFile; fileRef = 078387DE1E26F4C4007D298A /* SearchedImageGridCell.swift */; };
		078387E51E26F4C4007D298A /* SearchedImageGridCell.xib in Resources */ = {isa = PBXBuildFile; fileRef = 078387DF1E26F4C4007D298A /* SearchedImageGridCell.xib */; };
		078387EB1E26F4EA007D298A /* BookmarkViewController.swift in Sources */ = {isa = PBXBuildFile; fileRef = 078387E61E26F4EA007D298A /* BookmarkViewController.swift */; };
		078387ED1E26F4EA007D298A /* ImageViewerViewController.swift in Sources */ = {isa = PBXBuildFile; fileRef = 078387E81E26F4EA007D298A /* ImageViewerViewController.swift */; };
		078387EE1E26F4EA007D298A /* RecentViewController.swift in Sources */ = {isa = PBXBuildFile; fileRef = 078387E91E26F4EA007D298A /* RecentViewController.swift */; };
		078387EF1E26F4EA007D298A /* SearchViewController.swift in Sources */ = {isa = PBXBuildFile; fileRef = 078387EA1E26F4EA007D298A /* SearchViewController.swift */; };
		079264B02098C5A5001AF1A7 /* HasScrollView.swift in Sources */ = {isa = PBXBuildFile; fileRef = 079264AF2098C5A5001AF1A7 /* HasScrollView.swift */; };
		603072B223050E520089232E /* Application.swift in Sources */ = {isa = PBXBuildFile; fileRef = 603072B123050E520089232E /* Application.swift */; };
		6082CC1C26C8E93F00B2080E /* FunJCamLib in Frameworks */ = {isa = PBXBuildFile; productRef = 6082CC1B26C8E93F00B2080E /* FunJCamLib */; };
		6082CC2126C8EB7300B2080E /* Packages in Frameworks */ = {isa = PBXBuildFile; productRef = 6082CC2026C8EB7300B2080E /* Packages */; };
		8D5B2F4A1FBAE25F004C735A /* FJNavigationController.swift in Sources */ = {isa = PBXBuildFile; fileRef = 8D5B2F491FBAE25F004C735A /* FJNavigationController.swift */; };
		8D69890C1E27186C002F0BAE /* Main.storyboard in Resources */ = {isa = PBXBuildFile; fileRef = 8D69890B1E27186C002F0BAE /* Main.storyboard */; };
/* End PBXBuildFile section */

/* Begin PBXContainerItemProxy section */
		078387B01E26E6E0007D298A /* PBXContainerItemProxy */ = {
			isa = PBXContainerItemProxy;
			containerPortal = 078387881E26E6DF007D298A /* Project object */;
			proxyType = 1;
			remoteGlobalIDString = 0783878F1E26E6DF007D298A;
			remoteInfo = FunJCam;
		};
/* End PBXContainerItemProxy section */

/* Begin PBXCopyFilesBuildPhase section */
		60720F30225B8C3F0003EB0D /* Embed Frameworks */ = {
			isa = PBXCopyFilesBuildPhase;
			buildActionMask = 2147483647;
			dstPath = "";
			dstSubfolderSpec = 10;
			files = (
			);
			name = "Embed Frameworks";
			runOnlyForDeploymentPostprocessing = 0;
		};
/* End PBXCopyFilesBuildPhase section */

/* Begin PBXFileReference section */
		0701648B202F1CDE001207BF /* GoogleService-Info.plist */ = {isa = PBXFileReference; fileEncoding = 4; lastKnownFileType = text.plist.xml; path = "GoogleService-Info.plist"; sourceTree = "<group>"; };
		0752ADD72094CEE800F0EC42 /* SettingsViewController.swift */ = {isa = PBXFileReference; lastKnownFileType = sourcecode.swift; path = SettingsViewController.swift; sourceTree = "<group>"; };
		0752ADDA2094D10500F0EC42 /* Localizable.strings */ = {isa = PBXFileReference; lastKnownFileType = text.plist.strings; path = Localizable.strings; sourceTree = "<group>"; };
		078387901E26E6DF007D298A /* FunJCam.app */ = {isa = PBXFileReference; explicitFileType = wrapper.application; includeInIndex = 0; path = FunJCam.app; sourceTree = BUILT_PRODUCTS_DIR; };
		078387931E26E6DF007D298A /* AppDelegate.swift */ = {isa = PBXFileReference; lastKnownFileType = sourcecode.swift; path = AppDelegate.swift; sourceTree = "<group>"; };
		078387951E26E6DF007D298A /* MainViewController.swift */ = {isa = PBXFileReference; lastKnownFileType = sourcecode.swift; path = MainViewController.swift; sourceTree = "<group>"; };
		0783879A1E26E6E0007D298A /* Assets.xcassets */ = {isa = PBXFileReference; lastKnownFileType = folder.assetcatalog; path = Assets.xcassets; sourceTree = "<group>"; };
		0783879D1E26E6E0007D298A /* Base */ = {isa = PBXFileReference; lastKnownFileType = file.storyboard; name = Base; path = Base.lproj/LaunchScreen.storyboard; sourceTree = "<group>"; };
		0783879F1E26E6E0007D298A /* Info.plist */ = {isa = PBXFileReference; lastKnownFileType = text.plist.xml; path = Info.plist; sourceTree = "<group>"; };
		078387AF1E26E6E0007D298A /* FunJCamUITests.xctest */ = {isa = PBXFileReference; explicitFileType = wrapper.cfbundle; includeInIndex = 0; path = FunJCamUITests.xctest; sourceTree = BUILT_PRODUCTS_DIR; };
		078387B31E26E6E0007D298A /* FunJCamUITests.swift */ = {isa = PBXFileReference; lastKnownFileType = sourcecode.swift; path = FunJCamUITests.swift; sourceTree = "<group>"; };
		078387B51E26E6E0007D298A /* Info.plist */ = {isa = PBXFileReference; lastKnownFileType = text.plist.xml; path = Info.plist; sourceTree = "<group>"; };
		078387C71E26EB0C007D298A /* FunJCamExtension.swift */ = {isa = PBXFileReference; fileEncoding = 4; lastKnownFileType = sourcecode.swift; path = FunJCamExtension.swift; sourceTree = "<group>"; };
		078387C91E26EB2A007D298A /* FJViewController.swift */ = {isa = PBXFileReference; fileEncoding = 4; lastKnownFileType = sourcecode.swift; path = FJViewController.swift; sourceTree = "<group>"; };
		078387DA1E26F4C4007D298A /* EmptySearchGridCell.swift */ = {isa = PBXFileReference; fileEncoding = 4; lastKnownFileType = sourcecode.swift; path = EmptySearchGridCell.swift; sourceTree = "<group>"; };
		078387DB1E26F4C4007D298A /* EmptySearchGridCell.xib */ = {isa = PBXFileReference; fileEncoding = 4; lastKnownFileType = file.xib; path = EmptySearchGridCell.xib; sourceTree = "<group>"; };
		078387DC1E26F4C4007D298A /* LoadMoreGridCell.swift */ = {isa = PBXFileReference; fileEncoding = 4; lastKnownFileType = sourcecode.swift; path = LoadMoreGridCell.swift; sourceTree = "<group>"; };
		078387DD1E26F4C4007D298A /* LoadMoreGridCell.xib */ = {isa = PBXFileReference; fileEncoding = 4; lastKnownFileType = file.xib; path = LoadMoreGridCell.xib; sourceTree = "<group>"; };
		078387DE1E26F4C4007D298A /* SearchedImageGridCell.swift */ = {isa = PBXFileReference; fileEncoding = 4; lastKnownFileType = sourcecode.swift; path = SearchedImageGridCell.swift; sourceTree = "<group>"; };
		078387DF1E26F4C4007D298A /* SearchedImageGridCell.xib */ = {isa = PBXFileReference; fileEncoding = 4; lastKnownFileType = file.xib; path = SearchedImageGridCell.xib; sourceTree = "<group>"; };
		078387E61E26F4EA007D298A /* BookmarkViewController.swift */ = {isa = PBXFileReference; fileEncoding = 4; lastKnownFileType = sourcecode.swift; path = BookmarkViewController.swift; sourceTree = "<group>"; };
		078387E81E26F4EA007D298A /* ImageViewerViewController.swift */ = {isa = PBXFileReference; fileEncoding = 4; lastKnownFileType = sourcecode.swift; path = ImageViewerViewController.swift; sourceTree = "<group>"; };
		078387E91E26F4EA007D298A /* RecentViewController.swift */ = {isa = PBXFileReference; fileEncoding = 4; lastKnownFileType = sourcecode.swift; path = RecentViewController.swift; sourceTree = "<group>"; };
		078387EA1E26F4EA007D298A /* SearchViewController.swift */ = {isa = PBXFileReference; fileEncoding = 4; lastKnownFileType = sourcecode.swift; path = SearchViewController.swift; sourceTree = "<group>"; };
		079264AF2098C5A5001AF1A7 /* HasScrollView.swift */ = {isa = PBXFileReference; lastKnownFileType = sourcecode.swift; path = HasScrollView.swift; sourceTree = "<group>"; };
		603072B123050E520089232E /* Application.swift */ = {isa = PBXFileReference; lastKnownFileType = sourcecode.swift; path = Application.swift; sourceTree = "<group>"; };
		6082CC1926C8E73200B2080E /* Packages */ = {isa = PBXFileReference; lastKnownFileType = folder; path = Packages; sourceTree = "<group>"; };
		6082CC1A26C8E8AB00B2080E /* FunJCamLib */ = {isa = PBXFileReference; lastKnownFileType = folder; path = FunJCamLib; sourceTree = "<group>"; };
		6082CC2226C8F25B00B2080E /* README.md */ = {isa = PBXFileReference; lastKnownFileType = net.daringfireball.markdown; path = README.md; sourceTree = "<group>"; };
		8D5B2F491FBAE25F004C735A /* FJNavigationController.swift */ = {isa = PBXFileReference; lastKnownFileType = sourcecode.swift; path = FJNavigationController.swift; sourceTree = "<group>"; };
		8D69890B1E27186C002F0BAE /* Main.storyboard */ = {isa = PBXFileReference; fileEncoding = 4; lastKnownFileType = file.storyboard; path = Main.storyboard; sourceTree = "<group>"; };
/* End PBXFileReference section */

/* Begin PBXFrameworksBuildPhase section */
		0783878D1E26E6DF007D298A /* Frameworks */ = {
			isa = PBXFrameworksBuildPhase;
			buildActionMask = 2147483647;
			files = (
				6082CC1C26C8E93F00B2080E /* FunJCamLib in Frameworks */,
				6082CC2126C8EB7300B2080E /* Packages in Frameworks */,
			);
			runOnlyForDeploymentPostprocessing = 0;
		};
		078387AC1E26E6E0007D298A /* Frameworks */ = {
			isa = PBXFrameworksBuildPhase;
			buildActionMask = 2147483647;
			files = (
			);
			runOnlyForDeploymentPostprocessing = 0;
		};
/* End PBXFrameworksBuildPhase section */

/* Begin PBXGroup section */
		078387871E26E6DF007D298A = {
			isa = PBXGroup;
			children = (
				6082CC2226C8F25B00B2080E /* README.md */,
				6082CC1A26C8E8AB00B2080E /* FunJCamLib */,
				6082CC1926C8E73200B2080E /* Packages */,
				078387921E26E6DF007D298A /* FunJCam */,
				078387B21E26E6E0007D298A /* FunJCamUITests */,
				078387911E26E6DF007D298A /* Products */,
				833125CE2FF1EE9A2A5FA1BD /* Frameworks */,
			);
			sourceTree = "<group>";
		};
		078387911E26E6DF007D298A /* Products */ = {
			isa = PBXGroup;
			children = (
				078387901E26E6DF007D298A /* FunJCam.app */,
				078387AF1E26E6E0007D298A /* FunJCamUITests.xctest */,
			);
			name = Products;
			sourceTree = "<group>";
		};
		078387921E26E6DF007D298A /* FunJCam */ = {
			isa = PBXGroup;
			children = (
				8D1931531FBAC47B00C30758 /* Common */,
				8D1931591FBAC4ED00C30758 /* View */,
				8D1931581FBAC4DA00C30758 /* ViewController */,
				0783879C1E26E6E0007D298A /* LaunchScreen.storyboard */,
				078387931E26E6DF007D298A /* AppDelegate.swift */,
				078387951E26E6DF007D298A /* MainViewController.swift */,
				0783879A1E26E6E0007D298A /* Assets.xcassets */,
				0783879F1E26E6E0007D298A /* Info.plist */,
				0701648B202F1CDE001207BF /* GoogleService-Info.plist */,
				0752ADDA2094D10500F0EC42 /* Localizable.strings */,
			);
			path = FunJCam;
			sourceTree = "<group>";
		};
		078387B21E26E6E0007D298A /* FunJCamUITests */ = {
			isa = PBXGroup;
			children = (
				078387B31E26E6E0007D298A /* FunJCamUITests.swift */,
				078387B51E26E6E0007D298A /* Info.plist */,
			);
			path = FunJCamUITests;
			sourceTree = "<group>";
		};
		079264B12098CD13001AF1A7 /* Protocol */ = {
			isa = PBXGroup;
			children = (
				079264AF2098C5A5001AF1A7 /* HasScrollView.swift */,
			);
			path = Protocol;
			sourceTree = "<group>";
		};
		833125CE2FF1EE9A2A5FA1BD /* Frameworks */ = {
			isa = PBXGroup;
			children = (
			);
			name = Frameworks;
			sourceTree = "<group>";
		};
		8D1931531FBAC47B00C30758 /* Common */ = {
			isa = PBXGroup;
			children = (
				079264B12098CD13001AF1A7 /* Protocol */,
				603072B123050E520089232E /* Application.swift */,
				078387C71E26EB0C007D298A /* FunJCamExtension.swift */,
				078387C91E26EB2A007D298A /* FJViewController.swift */,
				8D5B2F491FBAE25F004C735A /* FJNavigationController.swift */,
			);
			path = Common;
			sourceTree = "<group>";
		};
		8D1931581FBAC4DA00C30758 /* ViewController */ = {
			isa = PBXGroup;
			children = (
				8D69890B1E27186C002F0BAE /* Main.storyboard */,
				078387EA1E26F4EA007D298A /* SearchViewController.swift */,
				078387E91E26F4EA007D298A /* RecentViewController.swift */,
				078387E61E26F4EA007D298A /* BookmarkViewController.swift */,
				0752ADD72094CEE800F0EC42 /* SettingsViewController.swift */,
				078387E81E26F4EA007D298A /* ImageViewerViewController.swift */,
			);
			path = ViewController;
			sourceTree = "<group>";
		};
		8D1931591FBAC4ED00C30758 /* View */ = {
			isa = PBXGroup;
			children = (
				078387DF1E26F4C4007D298A /* SearchedImageGridCell.xib */,
				078387DE1E26F4C4007D298A /* SearchedImageGridCell.swift */,
				078387DD1E26F4C4007D298A /* LoadMoreGridCell.xib */,
				078387DC1E26F4C4007D298A /* LoadMoreGridCell.swift */,
				078387DB1E26F4C4007D298A /* EmptySearchGridCell.xib */,
				078387DA1E26F4C4007D298A /* EmptySearchGridCell.swift */,
			);
			path = View;
			sourceTree = "<group>";
		};
/* End PBXGroup section */

/* Begin PBXNativeTarget section */
		0783878F1E26E6DF007D298A /* FunJCam */ = {
			isa = PBXNativeTarget;
			buildConfigurationList = 078387B81E26E6E0007D298A /* Build configuration list for PBXNativeTarget "FunJCam" */;
			buildPhases = (
				0783878C1E26E6DF007D298A /* Sources */,
				0783878D1E26E6DF007D298A /* Frameworks */,
				0783878E1E26E6DF007D298A /* Resources */,
				60720F30225B8C3F0003EB0D /* Embed Frameworks */,
				079CCD0A2049C78F006DFB08 /* SwiftLint */,
			);
			buildRules = (
			);
			dependencies = (
			);
			name = FunJCam;
			packageProductDependencies = (
				6082CC1B26C8E93F00B2080E /* FunJCamLib */,
				6082CC2026C8EB7300B2080E /* Packages */,
			);
			productName = FunJCam;
			productReference = 078387901E26E6DF007D298A /* FunJCam.app */;
			productType = "com.apple.product-type.application";
		};
		078387AE1E26E6E0007D298A /* FunJCamUITests */ = {
			isa = PBXNativeTarget;
			buildConfigurationList = 078387BE1E26E6E0007D298A /* Build configuration list for PBXNativeTarget "FunJCamUITests" */;
			buildPhases = (
				078387AB1E26E6E0007D298A /* Sources */,
				078387AC1E26E6E0007D298A /* Frameworks */,
				078387AD1E26E6E0007D298A /* Resources */,
			);
			buildRules = (
			);
			dependencies = (
				078387B11E26E6E0007D298A /* PBXTargetDependency */,
			);
			name = FunJCamUITests;
			productName = FunJCamUITests;
			productReference = 078387AF1E26E6E0007D298A /* FunJCamUITests.xctest */;
			productType = "com.apple.product-type.bundle.ui-testing";
		};
/* End PBXNativeTarget section */

/* Begin PBXProject section */
		078387881E26E6DF007D298A /* Project object */ = {
			isa = PBXProject;
			attributes = {
				LastSwiftUpdateCheck = 1130;
				LastUpgradeCheck = 1300;
				ORGANIZATIONNAME = utrpanic;
				TargetAttributes = {
					0783878F1E26E6DF007D298A = {
						CreatedOnToolsVersion = 8.2.1;
						LastSwiftMigration = 1020;
						ProvisioningStyle = Manual;
					};
					078387AE1E26E6E0007D298A = {
						CreatedOnToolsVersion = 8.2.1;
						DevelopmentTeam = L94QTT73WH;
						LastSwiftMigration = 1020;
						ProvisioningStyle = Automatic;
						TestTargetID = 0783878F1E26E6DF007D298A;
					};
				};
			};
			buildConfigurationList = 0783878B1E26E6DF007D298A /* Build configuration list for PBXProject "FunJCam" */;
			compatibilityVersion = "Xcode 11.0";
			developmentRegion = en;
			hasScannedForEncodings = 0;
			knownRegions = (
				en,
				Base,
			);
			mainGroup = 078387871E26E6DF007D298A;
			productRefGroup = 078387911E26E6DF007D298A /* Products */;
			projectDirPath = "";
			projectRoot = "";
			targets = (
				0783878F1E26E6DF007D298A /* FunJCam */,
				078387AE1E26E6E0007D298A /* FunJCamUITests */,
			);
		};
/* End PBXProject section */

/* Begin PBXResourcesBuildPhase section */
		0783878E1E26E6DF007D298A /* Resources */ = {
			isa = PBXResourcesBuildPhase;
			buildActionMask = 2147483647;
			files = (
				078387E11E26F4C4007D298A /* EmptySearchGridCell.xib in Resources */,
				0752ADDB2094D10500F0EC42 /* Localizable.strings in Resources */,
				078387E51E26F4C4007D298A /* SearchedImageGridCell.xib in Resources */,
				0783879E1E26E6E0007D298A /* LaunchScreen.storyboard in Resources */,
				8D69890C1E27186C002F0BAE /* Main.storyboard in Resources */,
				078387E31E26F4C4007D298A /* LoadMoreGridCell.xib in Resources */,
				0783879B1E26E6E0007D298A /* Assets.xcassets in Resources */,
				0701648C202F1CDF001207BF /* GoogleService-Info.plist in Resources */,
			);
			runOnlyForDeploymentPostprocessing = 0;
		};
		078387AD1E26E6E0007D298A /* Resources */ = {
			isa = PBXResourcesBuildPhase;
			buildActionMask = 2147483647;
			files = (
			);
			runOnlyForDeploymentPostprocessing = 0;
		};
/* End PBXResourcesBuildPhase section */

/* Begin PBXShellScriptBuildPhase section */
		079CCD0A2049C78F006DFB08 /* SwiftLint */ = {
			isa = PBXShellScriptBuildPhase;
			buildActionMask = 2147483647;
			files = (
			);
			inputPaths = (
			);
			name = SwiftLint;
			outputPaths = (
			);
			runOnlyForDeploymentPostprocessing = 0;
			shellPath = /bin/sh;
			shellScript = "if which swiftlint >/dev/null; then\n  swiftlint\nelse\n  echo \"warning: SwiftLint not installed, download from https://github.com/realm/SwiftLint\"\nfi\n";
		};
/* End PBXShellScriptBuildPhase section */

/* Begin PBXSourcesBuildPhase section */
		0783878C1E26E6DF007D298A /* Sources */ = {
			isa = PBXSourcesBuildPhase;
			buildActionMask = 2147483647;
			files = (
				078387E21E26F4C4007D298A /* LoadMoreGridCell.swift in Sources */,
				079264B02098C5A5001AF1A7 /* HasScrollView.swift in Sources */,
				078387E41E26F4C4007D298A /* SearchedImageGridCell.swift in Sources */,
				078387EB1E26F4EA007D298A /* BookmarkViewController.swift in Sources */,
				078387EE1E26F4EA007D298A /* RecentViewController.swift in Sources */,
				078387961E26E6DF007D298A /* MainViewController.swift in Sources */,
				078387E01E26F4C4007D298A /* EmptySearchGridCell.swift in Sources */,
				078387EF1E26F4EA007D298A /* SearchViewController.swift in Sources */,
				078387CA1E26EB2A007D298A /* FJViewController.swift in Sources */,
				078387C81E26EB0C007D298A /* FunJCamExtension.swift in Sources */,
				078387ED1E26F4EA007D298A /* ImageViewerViewController.swift in Sources */,
				603072B223050E520089232E /* Application.swift in Sources */,
				8D5B2F4A1FBAE25F004C735A /* FJNavigationController.swift in Sources */,
				078387941E26E6DF007D298A /* AppDelegate.swift in Sources */,
				0752ADD82094CEE800F0EC42 /* SettingsViewController.swift in Sources */,
			);
			runOnlyForDeploymentPostprocessing = 0;
		};
		078387AB1E26E6E0007D298A /* Sources */ = {
			isa = PBXSourcesBuildPhase;
			buildActionMask = 2147483647;
			files = (
				078387B41E26E6E0007D298A /* FunJCamUITests.swift in Sources */,
			);
			runOnlyForDeploymentPostprocessing = 0;
		};
/* End PBXSourcesBuildPhase section */

/* Begin PBXTargetDependency section */
		078387B11E26E6E0007D298A /* PBXTargetDependency */ = {
			isa = PBXTargetDependency;
			target = 0783878F1E26E6DF007D298A /* FunJCam */;
			targetProxy = 078387B01E26E6E0007D298A /* PBXContainerItemProxy */;
		};
/* End PBXTargetDependency section */

/* Begin PBXVariantGroup section */
		0783879C1E26E6E0007D298A /* LaunchScreen.storyboard */ = {
			isa = PBXVariantGroup;
			children = (
				0783879D1E26E6E0007D298A /* Base */,
			);
			name = LaunchScreen.storyboard;
			sourceTree = "<group>";
		};
/* End PBXVariantGroup section */

/* Begin XCBuildConfiguration section */
		078387B61E26E6E0007D298A /* Debug */ = {
			isa = XCBuildConfiguration;
			buildSettings = {
				ALWAYS_EMBED_SWIFT_STANDARD_LIBRARIES = NO;
				ALWAYS_SEARCH_USER_PATHS = NO;
				CLANG_ANALYZER_NONNULL = YES;
				CLANG_CXX_LANGUAGE_STANDARD = "gnu++0x";
				CLANG_CXX_LIBRARY = "libc++";
				CLANG_ENABLE_MODULES = YES;
				CLANG_ENABLE_OBJC_ARC = YES;
				CLANG_WARN_BLOCK_CAPTURE_AUTORELEASING = YES;
				CLANG_WARN_BOOL_CONVERSION = YES;
				CLANG_WARN_COMMA = YES;
				CLANG_WARN_CONSTANT_CONVERSION = YES;
				CLANG_WARN_DEPRECATED_OBJC_IMPLEMENTATIONS = YES;
				CLANG_WARN_DIRECT_OBJC_ISA_USAGE = YES_ERROR;
				CLANG_WARN_DOCUMENTATION_COMMENTS = YES;
				CLANG_WARN_EMPTY_BODY = YES;
				CLANG_WARN_ENUM_CONVERSION = YES;
				CLANG_WARN_INFINITE_RECURSION = YES;
				CLANG_WARN_INT_CONVERSION = YES;
				CLANG_WARN_NON_LITERAL_NULL_CONVERSION = YES;
				CLANG_WARN_OBJC_IMPLICIT_RETAIN_SELF = YES;
				CLANG_WARN_OBJC_LITERAL_CONVERSION = YES;
				CLANG_WARN_OBJC_ROOT_CLASS = YES_ERROR;
				CLANG_WARN_QUOTED_INCLUDE_IN_FRAMEWORK_HEADER = YES;
				CLANG_WARN_RANGE_LOOP_ANALYSIS = YES;
				CLANG_WARN_STRICT_PROTOTYPES = YES;
				CLANG_WARN_SUSPICIOUS_MOVE = YES;
				CLANG_WARN_UNREACHABLE_CODE = YES;
				CLANG_WARN__DUPLICATE_METHOD_MATCH = YES;
				"CODE_SIGN_IDENTITY[sdk=iphoneos*]" = "iPhone Developer";
				COPY_PHASE_STRIP = NO;
				DEBUG_INFORMATION_FORMAT = "dwarf-with-dsym";
				ENABLE_STRICT_OBJC_MSGSEND = YES;
				ENABLE_TESTABILITY = YES;
				GCC_C_LANGUAGE_STANDARD = gnu99;
				GCC_DYNAMIC_NO_PIC = NO;
				GCC_NO_COMMON_BLOCKS = YES;
				GCC_OPTIMIZATION_LEVEL = 0;
				GCC_PREPROCESSOR_DEFINITIONS = (
					"DEBUG=1",
					"$(inherited)",
				);
				GCC_WARN_64_TO_32_BIT_CONVERSION = YES;
				GCC_WARN_ABOUT_RETURN_TYPE = YES_ERROR;
				GCC_WARN_UNDECLARED_SELECTOR = YES;
				GCC_WARN_UNINITIALIZED_AUTOS = YES_AGGRESSIVE;
				GCC_WARN_UNUSED_FUNCTION = YES;
				GCC_WARN_UNUSED_VARIABLE = YES;
				IPHONEOS_DEPLOYMENT_TARGET = 15.0;
				MTL_ENABLE_DEBUG_INFO = YES;
				ONLY_ACTIVE_ARCH = YES;
				SDKROOT = iphoneos;
				SWIFT_ACTIVE_COMPILATION_CONDITIONS = DEBUG;
				SWIFT_OPTIMIZATION_LEVEL = "-Onone";
				TARGETED_DEVICE_FAMILY = "1,2";
			};
			name = Debug;
		};
		078387B71E26E6E0007D298A /* Release */ = {
			isa = XCBuildConfiguration;
			buildSettings = {
				ALWAYS_EMBED_SWIFT_STANDARD_LIBRARIES = NO;
				ALWAYS_SEARCH_USER_PATHS = NO;
				CLANG_ANALYZER_NONNULL = YES;
				CLANG_CXX_LANGUAGE_STANDARD = "gnu++0x";
				CLANG_CXX_LIBRARY = "libc++";
				CLANG_ENABLE_MODULES = YES;
				CLANG_ENABLE_OBJC_ARC = YES;
				CLANG_WARN_BLOCK_CAPTURE_AUTORELEASING = YES;
				CLANG_WARN_BOOL_CONVERSION = YES;
				CLANG_WARN_COMMA = YES;
				CLANG_WARN_CONSTANT_CONVERSION = YES;
				CLANG_WARN_DEPRECATED_OBJC_IMPLEMENTATIONS = YES;
				CLANG_WARN_DIRECT_OBJC_ISA_USAGE = YES_ERROR;
				CLANG_WARN_DOCUMENTATION_COMMENTS = YES;
				CLANG_WARN_EMPTY_BODY = YES;
				CLANG_WARN_ENUM_CONVERSION = YES;
				CLANG_WARN_INFINITE_RECURSION = YES;
				CLANG_WARN_INT_CONVERSION = YES;
				CLANG_WARN_NON_LITERAL_NULL_CONVERSION = YES;
				CLANG_WARN_OBJC_IMPLICIT_RETAIN_SELF = YES;
				CLANG_WARN_OBJC_LITERAL_CONVERSION = YES;
				CLANG_WARN_OBJC_ROOT_CLASS = YES_ERROR;
				CLANG_WARN_QUOTED_INCLUDE_IN_FRAMEWORK_HEADER = YES;
				CLANG_WARN_RANGE_LOOP_ANALYSIS = YES;
				CLANG_WARN_STRICT_PROTOTYPES = YES;
				CLANG_WARN_SUSPICIOUS_MOVE = YES;
				CLANG_WARN_UNREACHABLE_CODE = YES;
				CLANG_WARN__DUPLICATE_METHOD_MATCH = YES;
				"CODE_SIGN_IDENTITY[sdk=iphoneos*]" = "iPhone Developer";
				COPY_PHASE_STRIP = NO;
				DEBUG_INFORMATION_FORMAT = "dwarf-with-dsym";
				ENABLE_NS_ASSERTIONS = NO;
				ENABLE_STRICT_OBJC_MSGSEND = YES;
				GCC_C_LANGUAGE_STANDARD = gnu99;
				GCC_NO_COMMON_BLOCKS = YES;
				GCC_WARN_64_TO_32_BIT_CONVERSION = YES;
				GCC_WARN_ABOUT_RETURN_TYPE = YES_ERROR;
				GCC_WARN_UNDECLARED_SELECTOR = YES;
				GCC_WARN_UNINITIALIZED_AUTOS = YES_AGGRESSIVE;
				GCC_WARN_UNUSED_FUNCTION = YES;
				GCC_WARN_UNUSED_VARIABLE = YES;
				IPHONEOS_DEPLOYMENT_TARGET = 15.0;
				MTL_ENABLE_DEBUG_INFO = NO;
				SDKROOT = iphoneos;
				SWIFT_COMPILATION_MODE = wholemodule;
				SWIFT_OPTIMIZATION_LEVEL = "-O";
				TARGETED_DEVICE_FAMILY = "1,2";
				VALIDATE_PRODUCT = YES;
			};
			name = Release;
		};
		078387B91E26E6E0007D298A /* Debug */ = {
			isa = XCBuildConfiguration;
			buildSettings = {
				ALWAYS_EMBED_SWIFT_STANDARD_LIBRARIES = "$(inherited)";
				ASSETCATALOG_COMPILER_APPICON_NAME = AppIcon;
				CODE_SIGN_IDENTITY = "iPhone Developer";
				CODE_SIGN_STYLE = Manual;
				DEVELOPMENT_TEAM = "";
				FRAMEWORK_SEARCH_PATHS = "$(inherited)";
				INFOPLIST_FILE = FunJCam/Info.plist;
				LD_RUNPATH_SEARCH_PATHS = (
					"$(inherited)",
					"@executable_path/Frameworks",
				);
				OTHER_SWIFT_FLAGS = "$(inherited) -DDEBUG -Xfrontend -debug-time-function-bodies";
				PRODUCT_BUNDLE_IDENTIFIER = dev.utrpanic.FunJCam;
				PRODUCT_NAME = "$(TARGET_NAME)";
				PROVISIONING_PROFILE_SPECIFIER = "";
				SWIFT_OBJC_BRIDGING_HEADER = "";
				SWIFT_VERSION = 5.0;
			};
			name = Debug;
		};
		078387BA1E26E6E0007D298A /* Release */ = {
			isa = XCBuildConfiguration;
			buildSettings = {
				ALWAYS_EMBED_SWIFT_STANDARD_LIBRARIES = "$(inherited)";
				ASSETCATALOG_COMPILER_APPICON_NAME = AppIcon;
				CODE_SIGN_IDENTITY = "iPhone Developer";
				CODE_SIGN_STYLE = Manual;
				DEVELOPMENT_TEAM = "";
				FRAMEWORK_SEARCH_PATHS = "$(inherited)";
				INFOPLIST_FILE = FunJCam/Info.plist;
				LD_RUNPATH_SEARCH_PATHS = (
					"$(inherited)",
					"@executable_path/Frameworks",
				);
				OTHER_SWIFT_FLAGS = "$(inherited)";
				PRODUCT_BUNDLE_IDENTIFIER = dev.utrpanic.FunJCam;
				PRODUCT_NAME = "$(TARGET_NAME)";
				PROVISIONING_PROFILE_SPECIFIER = "";
				SWIFT_OBJC_BRIDGING_HEADER = "";
				SWIFT_VERSION = 5.0;
			};
			name = Release;
		};
		078387BF1E26E6E0007D298A /* Debug */ = {
			isa = XCBuildConfiguration;
			buildSettings = {
				ALWAYS_EMBED_SWIFT_STANDARD_LIBRARIES = "$(inherited)";
				DEVELOPMENT_TEAM = L94QTT73WH;
				INFOPLIST_FILE = FunJCamUITests/Info.plist;
				LD_RUNPATH_SEARCH_PATHS = (
					"$(inherited)",
					"@executable_path/Frameworks",
					"@loader_path/Frameworks",
				);
				PRODUCT_BUNDLE_IDENTIFIER = com.the42apps.ios.FunJCamUITests;
				PRODUCT_NAME = "$(TARGET_NAME)";
				SWIFT_VERSION = 5.0;
				TEST_TARGET_NAME = FunJCam;
			};
			name = Debug;
		};
		078387C01E26E6E0007D298A /* Release */ = {
			isa = XCBuildConfiguration;
			buildSettings = {
				ALWAYS_EMBED_SWIFT_STANDARD_LIBRARIES = "$(inherited)";
				DEVELOPMENT_TEAM = L94QTT73WH;
				INFOPLIST_FILE = FunJCamUITests/Info.plist;
				LD_RUNPATH_SEARCH_PATHS = (
					"$(inherited)",
					"@executable_path/Frameworks",
					"@loader_path/Frameworks",
				);
				PRODUCT_BUNDLE_IDENTIFIER = com.the42apps.ios.FunJCamUITests;
				PRODUCT_NAME = "$(TARGET_NAME)";
				SWIFT_VERSION = 5.0;
				TEST_TARGET_NAME = FunJCam;
			};
			name = Release;
		};
/* End XCBuildConfiguration section */

/* Begin XCConfigurationList section */
		0783878B1E26E6DF007D298A /* Build configuration list for PBXProject "FunJCam" */ = {
			isa = XCConfigurationList;
			buildConfigurations = (
				078387B61E26E6E0007D298A /* Debug */,
				078387B71E26E6E0007D298A /* Release */,
			);
			defaultConfigurationIsVisible = 0;
			defaultConfigurationName = Release;
		};
		078387B81E26E6E0007D298A /* Build configuration list for PBXNativeTarget "FunJCam" */ = {
			isa = XCConfigurationList;
			buildConfigurations = (
				078387B91E26E6E0007D298A /* Debug */,
				078387BA1E26E6E0007D298A /* Release */,
			);
			defaultConfigurationIsVisible = 0;
			defaultConfigurationName = Release;
		};
		078387BE1E26E6E0007D298A /* Build configuration list for PBXNativeTarget "FunJCamUITests" */ = {
			isa = XCConfigurationList;
			buildConfigurations = (
				078387BF1E26E6E0007D298A /* Debug */,
				078387C01E26E6E0007D298A /* Release */,
			);
			defaultConfigurationIsVisible = 0;
			defaultConfigurationName = Release;
		};
/* End XCConfigurationList section */

/* Begin XCSwiftPackageProductDependency section */
		6082CC1B26C8E93F00B2080E /* FunJCamLib */ = {
			isa = XCSwiftPackageProductDependency;
			productName = FunJCamLib;
		};
		6082CC2026C8EB7300B2080E /* Packages */ = {
			isa = XCSwiftPackageProductDependency;
			productName = Packages;
		};
/* End XCSwiftPackageProductDependency section */
	};
	rootObject = 078387881E26E6DF007D298A /* Project object */;
}
