// !$*UTF8*$!
{
	archiveVersion = 1;
	classes = {
	};
	objectVersion = 52;
	objects = {

/* Begin PBXBuildFile section */
		0701648C202F1CDF001207BF /* GoogleService-Info.plist in Resources */ = {isa = PBXBuildFile; fileRef = 0701648B202F1CDE001207BF /* GoogleService-Info.plist */; };
		0752ADD82094CEE800F0EC42 /* SettingsViewController.swift in Sources */ = {isa = PBXBuildFile; fileRef = 0752ADD72094CEE800F0EC42 /* SettingsViewController.swift */; };
		0752ADDB2094D10500F0EC42 /* Localizable.strings in Resources */ = {isa = PBXBuildFile; fileRef = 0752ADDA2094D10500F0EC42 /* Localizable.strings */; };
		078387941E26E6DF007D298A /* AppDelegate.swift in Sources */ = {isa = PBXBuildFile; fileRef = 078387931E26E6DF007D298A /* AppDelegate.swift */; };
		078387961E26E6DF007D298A /* MainViewController.swift in Sources */ = {isa = PBXBuildFile; fileRef = 078387951E26E6DF007D298A /* MainViewController.swift */; };
		0783879B1E26E6E0007D298A /* Assets.xcassets in Resources */ = {isa = PBXBuildFile; fileRef = 0783879A1E26E6E0007D298A /* Assets.xcassets */; };
		0783879E1E26E6E0007D298A /* LaunchScreen.storyboard in Resources */ = {isa = PBXBuildFile; fileRef = 0783879C1E26E6E0007D298A /* LaunchScreen.storyboard */; };
		078387A91E26E6E0007D298A /* FunJCamTests.swift in Sources */ = {isa = PBXBuildFile; fileRef = 078387A81E26E6E0007D298A /* FunJCamTests.swift */; };
		078387B41E26E6E0007D298A /* FunJCamUITests.swift in Sources */ = {isa = PBXBuildFile; fileRef = 078387B31E26E6E0007D298A /* FunJCamUITests.swift */; };
		078387C81E26EB0C007D298A /* FunJCamExtension.swift in Sources */ = {isa = PBXBuildFile; fileRef = 078387C71E26EB0C007D298A /* FunJCamExtension.swift */; };
		078387CA1E26EB2A007D298A /* FJViewController.swift in Sources */ = {isa = PBXBuildFile; fileRef = 078387C91E26EB2A007D298A /* FJViewController.swift */; };
		078387E01E26F4C4007D298A /* EmptySearchGridCell.swift in Sources */ = {isa = PBXBuildFile; fileRef = 078387DA1E26F4C4007D298A /* EmptySearchGridCell.swift */; };
		078387E11E26F4C4007D298A /* EmptySearchGridCell.xib in Resources */ = {isa = PBXBuildFile; fileRef = 078387DB1E26F4C4007D298A /* EmptySearchGridCell.xib */; };
		078387E21E26F4C4007D298A /* LoadMoreGridCell.swift in Sources */ = {isa = PBXBuildFile; fileRef = 078387DC1E26F4C4007D298A /* LoadMoreGridCell.swift */; };
		078387E31E26F4C4007D298A /* LoadMoreGridCell.xib in Resources */ = {isa = PBXBuildFile; fileRef = 078387DD1E26F4C4007D298A /* LoadMoreGridCell.xib */; };
		078387E41E26F4C4007D298A /* SearchedImageGridCell.swift in Sources */ = {isa = PBXBuildFile; fileRef = 078387DE1E26F4C4007D298A /* SearchedImageGridCell.swift */; };
		078387E51E26F4C4007D298A /* SearchedImageGridCell.xib in Resources */ = {isa = PBXBuildFile; fileRef = 078387DF1E26F4C4007D298A /* SearchedImageGridCell.xib */; };
		078387EB1E26F4EA007D298A /* BookmarkViewController.swift in Sources */ = {isa = PBXBuildFile; fileRef = 078387E61E26F4EA007D298A /* BookmarkViewController.swift */; };
		078387ED1E26F4EA007D298A /* ImageViewerViewController.swift in Sources */ = {isa = PBXBuildFile; fileRef = 078387E81E26F4EA007D298A /* ImageViewerViewController.swift */; };
		078387EE1E26F4EA007D298A /* RecentViewController.swift in Sources */ = {isa = PBXBuildFile; fileRef = 078387E91E26F4EA007D298A /* RecentViewController.swift */; };
		078387EF1E26F4EA007D298A /* SearchViewController.swift in Sources */ = {isa = PBXBuildFile; fileRef = 078387EA1E26F4EA007D298A /* SearchViewController.swift */; };
		079264B02098C5A5001AF1A7 /* HasScrollView.swift in Sources */ = {isa = PBXBuildFile; fileRef = 079264AF2098C5A5001AF1A7 /* HasScrollView.swift */; };
		11D35360359D52370B83EC7B /* Pods_FunJCam.framework in Frameworks */ = {isa = PBXBuildFile; fileRef = E6449B3F9A24421138F1ABCC /* Pods_FunJCam.framework */; };
		46302DA2F9B2F1C0E3331CAB /* Pods_ModelTests.framework in Frameworks */ = {isa = PBXBuildFile; fileRef = E03502DA97FFA8A005BBAA82 /* Pods_ModelTests.framework */; };
		53F423A2DECF1C3B486D0B39 /* Pods_FunJCamUITests.framework in Frameworks */ = {isa = PBXBuildFile; fileRef = 020FA390724A9893201461B9 /* Pods_FunJCamUITests.framework */; };
		6011F2B1241CED4200D85273 /* Model.h in Headers */ = {isa = PBXBuildFile; fileRef = 6011F2A1241CED4200D85273 /* Model.h */; settings = {ATTRIBUTES = (Public, ); }; };
		6011F2B4241CED4200D85273 /* Model.framework in Frameworks */ = {isa = PBXBuildFile; fileRef = 6011F29F241CED4200D85273 /* Model.framework */; };
		6011F2B5241CED4200D85273 /* Model.framework in Embed Frameworks */ = {isa = PBXBuildFile; fileRef = 6011F29F241CED4200D85273 /* Model.framework */; settings = {ATTRIBUTES = (CodeSignOnCopy, RemoveHeadersOnCopy, ); }; };
		6011F2BC241CEDA100D85273 /* SearchedImage.swift in Sources */ = {isa = PBXBuildFile; fileRef = 8D5B2F471FBACBD4004C735A /* SearchedImage.swift */; };
		6011F2BD241CEDA100D85273 /* SearchedImageByDaum.swift in Sources */ = {isa = PBXBuildFile; fileRef = 07C4752A20961261004450A9 /* SearchedImageByDaum.swift */; };
		6011F2BE241CEDA100D85273 /* SearchedImageByNaver.swift in Sources */ = {isa = PBXBuildFile; fileRef = 0753C6AE209777340066693E /* SearchedImageByNaver.swift */; };
		6011F2BF241CEDA100D85273 /* SearchedImageByGoogle.swift in Sources */ = {isa = PBXBuildFile; fileRef = 078387CF1E26F40F007D298A /* SearchedImageByGoogle.swift */; };
		6011F2C0241CEDA100D85273 /* SearchKeyword.swift in Sources */ = {isa = PBXBuildFile; fileRef = 078387D01E26F40F007D298A /* SearchKeyword.swift */; };
		6011F2C1241CEDA600D85273 /* ResponseDaumImageSearch.swift in Sources */ = {isa = PBXBuildFile; fileRef = 07C4752820960DFE004450A9 /* ResponseDaumImageSearch.swift */; };
		6011F2C2241CEDA600D85273 /* ResponseNaverImageSearch.swift in Sources */ = {isa = PBXBuildFile; fileRef = 07C4752C209621C4004450A9 /* ResponseNaverImageSearch.swift */; };
		6011F2C3241CEDA600D85273 /* ResponseGoogleImageSearch.swift in Sources */ = {isa = PBXBuildFile; fileRef = 078387D51E26F449007D298A /* ResponseGoogleImageSearch.swift */; };
		6011F2C4241CEDAB00D85273 /* Code.swift in Sources */ = {isa = PBXBuildFile; fileRef = 07881FC51F9CBA290081EB85 /* Code.swift */; };
		6011F2C5241CEDAB00D85273 /* Api.swift in Sources */ = {isa = PBXBuildFile; fileRef = 078387D41E26F449007D298A /* Api.swift */; };
		6011F2C6241CEDAB00D85273 /* Api+Search.swift in Sources */ = {isa = PBXBuildFile; fileRef = 6011F276241CEBB400D85273 /* Api+Search.swift */; };
		6011F2C7241CEDB000D85273 /* SearchService.swift in Sources */ = {isa = PBXBuildFile; fileRef = 0701648E202F31A0001207BF /* SearchService.swift */; };
		6011F2C8241CEDB000D85273 /* AlbumService.swift in Sources */ = {isa = PBXBuildFile; fileRef = 078387D81E26F47D007D298A /* AlbumService.swift */; };
		6011F2CA241CEE3F00D85273 /* BookmarkViewModel.swift in Sources */ = {isa = PBXBuildFile; fileRef = 60D65C7C22FF0FBA00CC59E5 /* BookmarkViewModel.swift */; };
		6011F2CB241CEE6100D85273 /* Settings.swift in Sources */ = {isa = PBXBuildFile; fileRef = 07C475262095EC09004450A9 /* Settings.swift */; };
		6011F2CD241CF3B400D85273 /* Api+Rx.swift in Sources */ = {isa = PBXBuildFile; fileRef = 6011F2CC241CF3B400D85273 /* Api+Rx.swift */; };
		6011F2CF241D054200D85273 /* SearchReactor.swift in Sources */ = {isa = PBXBuildFile; fileRef = 6011F2CE241D054200D85273 /* SearchReactor.swift */; };
		6011F2E8241D0A7200D85273 /* Model.framework in Frameworks */ = {isa = PBXBuildFile; fileRef = 6011F29F241CED4200D85273 /* Model.framework */; };
		6011F2EF241D0AA400D85273 /* ModelTests.swift in Sources */ = {isa = PBXBuildFile; fileRef = 6011F2EE241D0AA400D85273 /* ModelTests.swift */; };
		603072B223050E520089232E /* Application.swift in Sources */ = {isa = PBXBuildFile; fileRef = 603072B123050E520089232E /* Application.swift */; };
		60C1AD92241DDF8C001DB498 /* SearchReactorTests.swift in Sources */ = {isa = PBXBuildFile; fileRef = 60C1AD91241DDF8C001DB498 /* SearchReactorTests.swift */; };
		60C1AD94241DE0B9001DB498 /* SearchApiMock.swift in Sources */ = {isa = PBXBuildFile; fileRef = 60C1AD93241DE0B9001DB498 /* SearchApiMock.swift */; };
		8D5B2F4A1FBAE25F004C735A /* FJNavigationController.swift in Sources */ = {isa = PBXBuildFile; fileRef = 8D5B2F491FBAE25F004C735A /* FJNavigationController.swift */; };
		8D69890C1E27186C002F0BAE /* Main.storyboard in Resources */ = {isa = PBXBuildFile; fileRef = 8D69890B1E27186C002F0BAE /* Main.storyboard */; };
		C128004D6EAA5676CCCE0A24 /* Pods_FunJCamTests.framework in Frameworks */ = {isa = PBXBuildFile; fileRef = 949A8DE4A037E73DF96908F6 /* Pods_FunJCamTests.framework */; };
		DD5AEE88C0FAB9F04E1A6275 /* Pods_Model.framework in Frameworks */ = {isa = PBXBuildFile; fileRef = 78681DBEFF56C0B2CFFAA9F0 /* Pods_Model.framework */; };
/* End PBXBuildFile section */

/* Begin PBXContainerItemProxy section */
		078387A51E26E6E0007D298A /* PBXContainerItemProxy */ = {
			isa = PBXContainerItemProxy;
			containerPortal = 078387881E26E6DF007D298A /* Project object */;
			proxyType = 1;
			remoteGlobalIDString = 0783878F1E26E6DF007D298A;
			remoteInfo = FunJCam;
		};
		078387B01E26E6E0007D298A /* PBXContainerItemProxy */ = {
			isa = PBXContainerItemProxy;
			containerPortal = 078387881E26E6DF007D298A /* Project object */;
			proxyType = 1;
			remoteGlobalIDString = 0783878F1E26E6DF007D298A;
			remoteInfo = FunJCam;
		};
		6011F2B2241CED4200D85273 /* PBXContainerItemProxy */ = {
			isa = PBXContainerItemProxy;
			containerPortal = 078387881E26E6DF007D298A /* Project object */;
			proxyType = 1;
			remoteGlobalIDString = 6011F29E241CED4200D85273;
			remoteInfo = Model;
		};
		6011F2E9241D0A7200D85273 /* PBXContainerItemProxy */ = {
			isa = PBXContainerItemProxy;
			containerPortal = 078387881E26E6DF007D298A /* Project object */;
			proxyType = 1;
			remoteGlobalIDString = 6011F29E241CED4200D85273;
			remoteInfo = Model;
		};
/* End PBXContainerItemProxy section */

/* Begin PBXCopyFilesBuildPhase section */
		60720F30225B8C3F0003EB0D /* Embed Frameworks */ = {
			isa = PBXCopyFilesBuildPhase;
			buildActionMask = 2147483647;
			dstPath = "";
			dstSubfolderSpec = 10;
			files = (
				6011F2B5241CED4200D85273 /* Model.framework in Embed Frameworks */,
			);
			name = "Embed Frameworks";
			runOnlyForDeploymentPostprocessing = 0;
		};
/* End PBXCopyFilesBuildPhase section */

/* Begin PBXFileReference section */
		020FA390724A9893201461B9 /* Pods_FunJCamUITests.framework */ = {isa = PBXFileReference; explicitFileType = wrapper.framework; includeInIndex = 0; path = Pods_FunJCamUITests.framework; sourceTree = BUILT_PRODUCTS_DIR; };
		0701648B202F1CDE001207BF /* GoogleService-Info.plist */ = {isa = PBXFileReference; fileEncoding = 4; lastKnownFileType = text.plist.xml; path = "GoogleService-Info.plist"; sourceTree = "<group>"; };
		0701648E202F31A0001207BF /* SearchService.swift */ = {isa = PBXFileReference; lastKnownFileType = sourcecode.swift; path = SearchService.swift; sourceTree = "<group>"; };
		0752ADD72094CEE800F0EC42 /* SettingsViewController.swift */ = {isa = PBXFileReference; lastKnownFileType = sourcecode.swift; path = SettingsViewController.swift; sourceTree = "<group>"; };
		0752ADDA2094D10500F0EC42 /* Localizable.strings */ = {isa = PBXFileReference; lastKnownFileType = text.plist.strings; path = Localizable.strings; sourceTree = "<group>"; };
		0753C6AE209777340066693E /* SearchedImageByNaver.swift */ = {isa = PBXFileReference; lastKnownFileType = sourcecode.swift; path = SearchedImageByNaver.swift; sourceTree = "<group>"; };
		078387901E26E6DF007D298A /* FunJCam.app */ = {isa = PBXFileReference; explicitFileType = wrapper.application; includeInIndex = 0; path = FunJCam.app; sourceTree = BUILT_PRODUCTS_DIR; };
		078387931E26E6DF007D298A /* AppDelegate.swift */ = {isa = PBXFileReference; lastKnownFileType = sourcecode.swift; path = AppDelegate.swift; sourceTree = "<group>"; };
		078387951E26E6DF007D298A /* MainViewController.swift */ = {isa = PBXFileReference; lastKnownFileType = sourcecode.swift; path = MainViewController.swift; sourceTree = "<group>"; };
		0783879A1E26E6E0007D298A /* Assets.xcassets */ = {isa = PBXFileReference; lastKnownFileType = folder.assetcatalog; path = Assets.xcassets; sourceTree = "<group>"; };
		0783879D1E26E6E0007D298A /* Base */ = {isa = PBXFileReference; lastKnownFileType = file.storyboard; name = Base; path = Base.lproj/LaunchScreen.storyboard; sourceTree = "<group>"; };
		0783879F1E26E6E0007D298A /* Info.plist */ = {isa = PBXFileReference; lastKnownFileType = text.plist.xml; path = Info.plist; sourceTree = "<group>"; };
		078387A41E26E6E0007D298A /* FunJCamTests.xctest */ = {isa = PBXFileReference; explicitFileType = wrapper.cfbundle; includeInIndex = 0; path = FunJCamTests.xctest; sourceTree = BUILT_PRODUCTS_DIR; };
		078387A81E26E6E0007D298A /* FunJCamTests.swift */ = {isa = PBXFileReference; lastKnownFileType = sourcecode.swift; path = FunJCamTests.swift; sourceTree = "<group>"; };
		078387AA1E26E6E0007D298A /* Info.plist */ = {isa = PBXFileReference; lastKnownFileType = text.plist.xml; path = Info.plist; sourceTree = "<group>"; };
		078387AF1E26E6E0007D298A /* FunJCamUITests.xctest */ = {isa = PBXFileReference; explicitFileType = wrapper.cfbundle; includeInIndex = 0; path = FunJCamUITests.xctest; sourceTree = BUILT_PRODUCTS_DIR; };
		078387B31E26E6E0007D298A /* FunJCamUITests.swift */ = {isa = PBXFileReference; lastKnownFileType = sourcecode.swift; path = FunJCamUITests.swift; sourceTree = "<group>"; };
		078387B51E26E6E0007D298A /* Info.plist */ = {isa = PBXFileReference; lastKnownFileType = text.plist.xml; path = Info.plist; sourceTree = "<group>"; };
		078387C71E26EB0C007D298A /* FunJCamExtension.swift */ = {isa = PBXFileReference; fileEncoding = 4; lastKnownFileType = sourcecode.swift; path = FunJCamExtension.swift; sourceTree = "<group>"; };
		078387C91E26EB2A007D298A /* FJViewController.swift */ = {isa = PBXFileReference; fileEncoding = 4; lastKnownFileType = sourcecode.swift; path = FJViewController.swift; sourceTree = "<group>"; };
		078387CF1E26F40F007D298A /* SearchedImageByGoogle.swift */ = {isa = PBXFileReference; fileEncoding = 4; lastKnownFileType = sourcecode.swift; path = SearchedImageByGoogle.swift; sourceTree = "<group>"; };
		078387D01E26F40F007D298A /* SearchKeyword.swift */ = {isa = PBXFileReference; fileEncoding = 4; lastKnownFileType = sourcecode.swift; path = SearchKeyword.swift; sourceTree = "<group>"; };
		078387D41E26F449007D298A /* Api.swift */ = {isa = PBXFileReference; fileEncoding = 4; lastKnownFileType = sourcecode.swift; path = Api.swift; sourceTree = "<group>"; };
		078387D51E26F449007D298A /* ResponseGoogleImageSearch.swift */ = {isa = PBXFileReference; fileEncoding = 4; lastKnownFileType = sourcecode.swift; path = ResponseGoogleImageSearch.swift; sourceTree = "<group>"; };
		078387D81E26F47D007D298A /* AlbumService.swift */ = {isa = PBXFileReference; fileEncoding = 4; lastKnownFileType = sourcecode.swift; path = AlbumService.swift; sourceTree = "<group>"; };
		078387DA1E26F4C4007D298A /* EmptySearchGridCell.swift */ = {isa = PBXFileReference; fileEncoding = 4; lastKnownFileType = sourcecode.swift; path = EmptySearchGridCell.swift; sourceTree = "<group>"; };
		078387DB1E26F4C4007D298A /* EmptySearchGridCell.xib */ = {isa = PBXFileReference; fileEncoding = 4; lastKnownFileType = file.xib; path = EmptySearchGridCell.xib; sourceTree = "<group>"; };
		078387DC1E26F4C4007D298A /* LoadMoreGridCell.swift */ = {isa = PBXFileReference; fileEncoding = 4; lastKnownFileType = sourcecode.swift; path = LoadMoreGridCell.swift; sourceTree = "<group>"; };
		078387DD1E26F4C4007D298A /* LoadMoreGridCell.xib */ = {isa = PBXFileReference; fileEncoding = 4; lastKnownFileType = file.xib; path = LoadMoreGridCell.xib; sourceTree = "<group>"; };
		078387DE1E26F4C4007D298A /* SearchedImageGridCell.swift */ = {isa = PBXFileReference; fileEncoding = 4; lastKnownFileType = sourcecode.swift; path = SearchedImageGridCell.swift; sourceTree = "<group>"; };
		078387DF1E26F4C4007D298A /* SearchedImageGridCell.xib */ = {isa = PBXFileReference; fileEncoding = 4; lastKnownFileType = file.xib; path = SearchedImageGridCell.xib; sourceTree = "<group>"; };
		078387E61E26F4EA007D298A /* BookmarkViewController.swift */ = {isa = PBXFileReference; fileEncoding = 4; lastKnownFileType = sourcecode.swift; path = BookmarkViewController.swift; sourceTree = "<group>"; };
		078387E81E26F4EA007D298A /* ImageViewerViewController.swift */ = {isa = PBXFileReference; fileEncoding = 4; lastKnownFileType = sourcecode.swift; path = ImageViewerViewController.swift; sourceTree = "<group>"; };
		078387E91E26F4EA007D298A /* RecentViewController.swift */ = {isa = PBXFileReference; fileEncoding = 4; lastKnownFileType = sourcecode.swift; path = RecentViewController.swift; sourceTree = "<group>"; };
		078387EA1E26F4EA007D298A /* SearchViewController.swift */ = {isa = PBXFileReference; fileEncoding = 4; lastKnownFileType = sourcecode.swift; path = SearchViewController.swift; sourceTree = "<group>"; };
		07881FC51F9CBA290081EB85 /* Code.swift */ = {isa = PBXFileReference; lastKnownFileType = sourcecode.swift; path = Code.swift; sourceTree = "<group>"; };
		079264AF2098C5A5001AF1A7 /* HasScrollView.swift */ = {isa = PBXFileReference; lastKnownFileType = sourcecode.swift; path = HasScrollView.swift; sourceTree = "<group>"; };
		07C475262095EC09004450A9 /* Settings.swift */ = {isa = PBXFileReference; lastKnownFileType = sourcecode.swift; path = Settings.swift; sourceTree = "<group>"; };
		07C4752820960DFE004450A9 /* ResponseDaumImageSearch.swift */ = {isa = PBXFileReference; lastKnownFileType = sourcecode.swift; path = ResponseDaumImageSearch.swift; sourceTree = "<group>"; };
		07C4752A20961261004450A9 /* SearchedImageByDaum.swift */ = {isa = PBXFileReference; lastKnownFileType = sourcecode.swift; path = SearchedImageByDaum.swift; sourceTree = "<group>"; };
		07C4752C209621C4004450A9 /* ResponseNaverImageSearch.swift */ = {isa = PBXFileReference; lastKnownFileType = sourcecode.swift; path = ResponseNaverImageSearch.swift; sourceTree = "<group>"; };
		2387BC0DA03A80C1EA67BFF5 /* Pods-FunJCamUITests.debug.xcconfig */ = {isa = PBXFileReference; includeInIndex = 1; lastKnownFileType = text.xcconfig; name = "Pods-FunJCamUITests.debug.xcconfig"; path = "Pods/Target Support Files/Pods-FunJCamUITests/Pods-FunJCamUITests.debug.xcconfig"; sourceTree = "<group>"; };
		37B0690E6F76807C0D5B7C13 /* Pods-Model.release.xcconfig */ = {isa = PBXFileReference; includeInIndex = 1; lastKnownFileType = text.xcconfig; name = "Pods-Model.release.xcconfig"; path = "Pods/Target Support Files/Pods-Model/Pods-Model.release.xcconfig"; sourceTree = "<group>"; };
		469C61E329A8C1C6D0A8C362 /* Pods_FunJCamModel.framework */ = {isa = PBXFileReference; explicitFileType = wrapper.framework; includeInIndex = 0; path = Pods_FunJCamModel.framework; sourceTree = BUILT_PRODUCTS_DIR; };
		6011F276241CEBB400D85273 /* Api+Search.swift */ = {isa = PBXFileReference; lastKnownFileType = sourcecode.swift; path = "Api+Search.swift"; sourceTree = "<group>"; };
		6011F29F241CED4200D85273 /* Model.framework */ = {isa = PBXFileReference; explicitFileType = wrapper.framework; includeInIndex = 0; path = Model.framework; sourceTree = BUILT_PRODUCTS_DIR; };
		6011F2A1241CED4200D85273 /* Model.h */ = {isa = PBXFileReference; lastKnownFileType = sourcecode.c.h; path = Model.h; sourceTree = "<group>"; };
		6011F2A2241CED4200D85273 /* Info.plist */ = {isa = PBXFileReference; lastKnownFileType = text.plist.xml; path = Info.plist; sourceTree = "<group>"; };
		6011F2CC241CF3B400D85273 /* Api+Rx.swift */ = {isa = PBXFileReference; lastKnownFileType = sourcecode.swift; path = "Api+Rx.swift"; sourceTree = "<group>"; };
		6011F2CE241D054200D85273 /* SearchReactor.swift */ = {isa = PBXFileReference; lastKnownFileType = sourcecode.swift; path = SearchReactor.swift; sourceTree = "<group>"; };
		6011F2E3241D0A7100D85273 /* ModelTests.xctest */ = {isa = PBXFileReference; explicitFileType = wrapper.cfbundle; includeInIndex = 0; path = ModelTests.xctest; sourceTree = BUILT_PRODUCTS_DIR; };
		6011F2E7241D0A7200D85273 /* Info.plist */ = {isa = PBXFileReference; lastKnownFileType = text.plist.xml; path = Info.plist; sourceTree = "<group>"; };
		6011F2EE241D0AA400D85273 /* ModelTests.swift */ = {isa = PBXFileReference; fileEncoding = 4; lastKnownFileType = sourcecode.swift; path = ModelTests.swift; sourceTree = "<group>"; };
		603072B123050E520089232E /* Application.swift */ = {isa = PBXFileReference; lastKnownFileType = sourcecode.swift; path = Application.swift; sourceTree = "<group>"; };
		60C1AD91241DDF8C001DB498 /* SearchReactorTests.swift */ = {isa = PBXFileReference; lastKnownFileType = sourcecode.swift; path = SearchReactorTests.swift; sourceTree = "<group>"; };
		60C1AD93241DE0B9001DB498 /* SearchApiMock.swift */ = {isa = PBXFileReference; lastKnownFileType = sourcecode.swift; path = SearchApiMock.swift; sourceTree = "<group>"; };
		60D65C7922FF0CEA00CC59E5 /* BoxKit.framework */ = {isa = PBXFileReference; explicitFileType = wrapper.framework; path = BoxKit.framework; sourceTree = BUILT_PRODUCTS_DIR; };
		60D65C7C22FF0FBA00CC59E5 /* BookmarkViewModel.swift */ = {isa = PBXFileReference; lastKnownFileType = sourcecode.swift; path = BookmarkViewModel.swift; sourceTree = "<group>"; };
		78681DBEFF56C0B2CFFAA9F0 /* Pods_Model.framework */ = {isa = PBXFileReference; explicitFileType = wrapper.framework; includeInIndex = 0; path = Pods_Model.framework; sourceTree = BUILT_PRODUCTS_DIR; };
		79D2B401236D138EEEC8EB30 /* Pods-FunJCamViewModel.debug.xcconfig */ = {isa = PBXFileReference; includeInIndex = 1; lastKnownFileType = text.xcconfig; name = "Pods-FunJCamViewModel.debug.xcconfig"; path = "Pods/Target Support Files/Pods-FunJCamViewModel/Pods-FunJCamViewModel.debug.xcconfig"; sourceTree = "<group>"; };
		80A479B74153EB2D98683B42 /* Pods-FunJCamTests.release.xcconfig */ = {isa = PBXFileReference; includeInIndex = 1; lastKnownFileType = text.xcconfig; name = "Pods-FunJCamTests.release.xcconfig"; path = "Pods/Target Support Files/Pods-FunJCamTests/Pods-FunJCamTests.release.xcconfig"; sourceTree = "<group>"; };
		86D67C45D8745692BC8CFB26 /* Pods-FunJCam.debug.xcconfig */ = {isa = PBXFileReference; includeInIndex = 1; lastKnownFileType = text.xcconfig; name = "Pods-FunJCam.debug.xcconfig"; path = "Pods/Target Support Files/Pods-FunJCam/Pods-FunJCam.debug.xcconfig"; sourceTree = "<group>"; };
		8D5B2F471FBACBD4004C735A /* SearchedImage.swift */ = {isa = PBXFileReference; lastKnownFileType = sourcecode.swift; path = SearchedImage.swift; sourceTree = "<group>"; };
		8D5B2F491FBAE25F004C735A /* FJNavigationController.swift */ = {isa = PBXFileReference; lastKnownFileType = sourcecode.swift; path = FJNavigationController.swift; sourceTree = "<group>"; };
		8D69890B1E27186C002F0BAE /* Main.storyboard */ = {isa = PBXFileReference; fileEncoding = 4; lastKnownFileType = file.storyboard; path = Main.storyboard; sourceTree = "<group>"; };
		918CE0CE254C508D83D24FA8 /* Pods-ModelTests.release.xcconfig */ = {isa = PBXFileReference; includeInIndex = 1; lastKnownFileType = text.xcconfig; name = "Pods-ModelTests.release.xcconfig"; path = "Pods/Target Support Files/Pods-ModelTests/Pods-ModelTests.release.xcconfig"; sourceTree = "<group>"; };
		949A8DE4A037E73DF96908F6 /* Pods_FunJCamTests.framework */ = {isa = PBXFileReference; explicitFileType = wrapper.framework; includeInIndex = 0; path = Pods_FunJCamTests.framework; sourceTree = BUILT_PRODUCTS_DIR; };
		956FB24EA7A061D2028A7884 /* Pods-Model.debug.xcconfig */ = {isa = PBXFileReference; includeInIndex = 1; lastKnownFileType = text.xcconfig; name = "Pods-Model.debug.xcconfig"; path = "Pods/Target Support Files/Pods-Model/Pods-Model.debug.xcconfig"; sourceTree = "<group>"; };
		98E4E7D60FE00EADD0F5A9B5 /* Pods-FunJCamUITests.release.xcconfig */ = {isa = PBXFileReference; includeInIndex = 1; lastKnownFileType = text.xcconfig; name = "Pods-FunJCamUITests.release.xcconfig"; path = "Pods/Target Support Files/Pods-FunJCamUITests/Pods-FunJCamUITests.release.xcconfig"; sourceTree = "<group>"; };
		9AEC3FC03654886EAB8F8A87 /* Pods-FunJCamModel.debug.xcconfig */ = {isa = PBXFileReference; includeInIndex = 1; lastKnownFileType = text.xcconfig; name = "Pods-FunJCamModel.debug.xcconfig"; path = "Pods/Target Support Files/Pods-FunJCamModel/Pods-FunJCamModel.debug.xcconfig"; sourceTree = "<group>"; };
		AB46ACB3618E367ADCAE21C6 /* Pods-FunJCamTests.debug.xcconfig */ = {isa = PBXFileReference; includeInIndex = 1; lastKnownFileType = text.xcconfig; name = "Pods-FunJCamTests.debug.xcconfig"; path = "Pods/Target Support Files/Pods-FunJCamTests/Pods-FunJCamTests.debug.xcconfig"; sourceTree = "<group>"; };
		C710780CB573A371007E62FF /* Pods-ModelTests.debug.xcconfig */ = {isa = PBXFileReference; includeInIndex = 1; lastKnownFileType = text.xcconfig; name = "Pods-ModelTests.debug.xcconfig"; path = "Pods/Target Support Files/Pods-ModelTests/Pods-ModelTests.debug.xcconfig"; sourceTree = "<group>"; };
		CFC58E9E4AB53DAF94C53437 /* Pods-FunJCamModel.release.xcconfig */ = {isa = PBXFileReference; includeInIndex = 1; lastKnownFileType = text.xcconfig; name = "Pods-FunJCamModel.release.xcconfig"; path = "Pods/Target Support Files/Pods-FunJCamModel/Pods-FunJCamModel.release.xcconfig"; sourceTree = "<group>"; };
		D1C54D22D95918FFAC1EEA3C /* Pods-FunJCamViewModel.release.xcconfig */ = {isa = PBXFileReference; includeInIndex = 1; lastKnownFileType = text.xcconfig; name = "Pods-FunJCamViewModel.release.xcconfig"; path = "Pods/Target Support Files/Pods-FunJCamViewModel/Pods-FunJCamViewModel.release.xcconfig"; sourceTree = "<group>"; };
		D5D999AE351B31072E683852 /* Pods_FunJCamViewModel.framework */ = {isa = PBXFileReference; explicitFileType = wrapper.framework; includeInIndex = 0; path = Pods_FunJCamViewModel.framework; sourceTree = BUILT_PRODUCTS_DIR; };
		E03502DA97FFA8A005BBAA82 /* Pods_ModelTests.framework */ = {isa = PBXFileReference; explicitFileType = wrapper.framework; includeInIndex = 0; path = Pods_ModelTests.framework; sourceTree = BUILT_PRODUCTS_DIR; };
		E10D95822DB514A0797EB79A /* Pods-FunJCam.release.xcconfig */ = {isa = PBXFileReference; includeInIndex = 1; lastKnownFileType = text.xcconfig; name = "Pods-FunJCam.release.xcconfig"; path = "Pods/Target Support Files/Pods-FunJCam/Pods-FunJCam.release.xcconfig"; sourceTree = "<group>"; };
		E6449B3F9A24421138F1ABCC /* Pods_FunJCam.framework */ = {isa = PBXFileReference; explicitFileType = wrapper.framework; includeInIndex = 0; path = Pods_FunJCam.framework; sourceTree = BUILT_PRODUCTS_DIR; };
/* End PBXFileReference section */

/* Begin PBXFrameworksBuildPhase section */
		0783878D1E26E6DF007D298A /* Frameworks */ = {
			isa = PBXFrameworksBuildPhase;
			buildActionMask = 2147483647;
			files = (
				6011F2B4241CED4200D85273 /* Model.framework in Frameworks */,
				11D35360359D52370B83EC7B /* Pods_FunJCam.framework in Frameworks */,
			);
			runOnlyForDeploymentPostprocessing = 0;
		};
		078387A11E26E6E0007D298A /* Frameworks */ = {
			isa = PBXFrameworksBuildPhase;
			buildActionMask = 2147483647;
			files = (
				C128004D6EAA5676CCCE0A24 /* Pods_FunJCamTests.framework in Frameworks */,
			);
			runOnlyForDeploymentPostprocessing = 0;
		};
		078387AC1E26E6E0007D298A /* Frameworks */ = {
			isa = PBXFrameworksBuildPhase;
			buildActionMask = 2147483647;
			files = (
				53F423A2DECF1C3B486D0B39 /* Pods_FunJCamUITests.framework in Frameworks */,
			);
			runOnlyForDeploymentPostprocessing = 0;
		};
		6011F29C241CED4200D85273 /* Frameworks */ = {
			isa = PBXFrameworksBuildPhase;
			buildActionMask = 2147483647;
			files = (
				DD5AEE88C0FAB9F04E1A6275 /* Pods_Model.framework in Frameworks */,
			);
			runOnlyForDeploymentPostprocessing = 0;
		};
		6011F2E0241D0A7100D85273 /* Frameworks */ = {
			isa = PBXFrameworksBuildPhase;
			buildActionMask = 2147483647;
			files = (
				6011F2E8241D0A7200D85273 /* Model.framework in Frameworks */,
				46302DA2F9B2F1C0E3331CAB /* Pods_ModelTests.framework in Frameworks */,
			);
			runOnlyForDeploymentPostprocessing = 0;
		};
/* End PBXFrameworksBuildPhase section */

/* Begin PBXGroup section */
		078387871E26E6DF007D298A = {
			isa = PBXGroup;
			children = (
				6011F2A0241CED4200D85273 /* Model */,
				6011F2E4241D0A7100D85273 /* ModelTests */,
				078387921E26E6DF007D298A /* FunJCam */,
				078387A71E26E6E0007D298A /* FunJCamTests */,
				078387B21E26E6E0007D298A /* FunJCamUITests */,
				078387911E26E6DF007D298A /* Products */,
				B25CAE28AE499EDB19F7ADD1 /* Pods */,
				833125CE2FF1EE9A2A5FA1BD /* Frameworks */,
			);
			sourceTree = "<group>";
		};
		078387911E26E6DF007D298A /* Products */ = {
			isa = PBXGroup;
			children = (
				078387901E26E6DF007D298A /* FunJCam.app */,
				078387A41E26E6E0007D298A /* FunJCamTests.xctest */,
				078387AF1E26E6E0007D298A /* FunJCamUITests.xctest */,
				6011F29F241CED4200D85273 /* Model.framework */,
				6011F2E3241D0A7100D85273 /* ModelTests.xctest */,
			);
			name = Products;
			sourceTree = "<group>";
		};
		078387921E26E6DF007D298A /* FunJCam */ = {
			isa = PBXGroup;
			children = (
				8D1931531FBAC47B00C30758 /* Common */,
				8D1931591FBAC4ED00C30758 /* View */,
				8D1931581FBAC4DA00C30758 /* ViewController */,
				0783879C1E26E6E0007D298A /* LaunchScreen.storyboard */,
				078387931E26E6DF007D298A /* AppDelegate.swift */,
				078387951E26E6DF007D298A /* MainViewController.swift */,
				0783879A1E26E6E0007D298A /* Assets.xcassets */,
				0783879F1E26E6E0007D298A /* Info.plist */,
				0701648B202F1CDE001207BF /* GoogleService-Info.plist */,
				0752ADDA2094D10500F0EC42 /* Localizable.strings */,
			);
			path = FunJCam;
			sourceTree = "<group>";
		};
		078387A71E26E6E0007D298A /* FunJCamTests */ = {
			isa = PBXGroup;
			children = (
				078387A81E26E6E0007D298A /* FunJCamTests.swift */,
				078387AA1E26E6E0007D298A /* Info.plist */,
			);
			path = FunJCamTests;
			sourceTree = "<group>";
		};
		078387B21E26E6E0007D298A /* FunJCamUITests */ = {
			isa = PBXGroup;
			children = (
				078387B31E26E6E0007D298A /* FunJCamUITests.swift */,
				078387B51E26E6E0007D298A /* Info.plist */,
			);
			path = FunJCamUITests;
			sourceTree = "<group>";
		};
		079264B12098CD13001AF1A7 /* Protocol */ = {
			isa = PBXGroup;
			children = (
				079264AF2098C5A5001AF1A7 /* HasScrollView.swift */,
			);
			path = Protocol;
			sourceTree = "<group>";
		};
		6011F275241CE16600D85273 /* Network */ = {
			isa = PBXGroup;
			children = (
				8D1931561FBAC4B500C30758 /* Response */,
				07881FC51F9CBA290081EB85 /* Code.swift */,
				078387D41E26F449007D298A /* Api.swift */,
				6011F2CC241CF3B400D85273 /* Api+Rx.swift */,
				6011F276241CEBB400D85273 /* Api+Search.swift */,
			);
			path = Network;
			sourceTree = "<group>";
		};
		6011F2A0241CED4200D85273 /* Model */ = {
			isa = PBXGroup;
			children = (
				60D65C7F22FF10F000CC59E5 /* Settings */,
				60720F32225B8C700003EB0D /* Model */,
				6011F275241CE16600D85273 /* Network */,
				60BDF59E2260DEDF004A6AAA /* Service */,
				60BDF5D82260E99F004A6AAA /* ViewModel */,
				6011F2A1241CED4200D85273 /* Model.h */,
				6011F2A2241CED4200D85273 /* Info.plist */,
			);
			path = Model;
			sourceTree = "<group>";
		};
		6011F2E4241D0A7100D85273 /* ModelTests */ = {
			isa = PBXGroup;
			children = (
				60C1AD90241DDF49001DB498 /* Search */,
				6011F2EE241D0AA400D85273 /* ModelTests.swift */,
				6011F2E7241D0A7200D85273 /* Info.plist */,
			);
			path = ModelTests;
			sourceTree = "<group>";
		};
		60720F32225B8C700003EB0D /* Model */ = {
			isa = PBXGroup;
			children = (
				8D5B2F471FBACBD4004C735A /* SearchedImage.swift */,
				07C4752A20961261004450A9 /* SearchedImageByDaum.swift */,
				0753C6AE209777340066693E /* SearchedImageByNaver.swift */,
				078387CF1E26F40F007D298A /* SearchedImageByGoogle.swift */,
				078387D01E26F40F007D298A /* SearchKeyword.swift */,
			);
			path = Model;
			sourceTree = "<group>";
		};
		60BDF59E2260DEDF004A6AAA /* Service */ = {
			isa = PBXGroup;
			children = (
				0701648E202F31A0001207BF /* SearchService.swift */,
				078387D81E26F47D007D298A /* AlbumService.swift */,
			);
			path = Service;
			sourceTree = "<group>";
		};
		60BDF5D82260E99F004A6AAA /* ViewModel */ = {
			isa = PBXGroup;
			children = (
				6011F2CE241D054200D85273 /* SearchReactor.swift */,
				60D65C7C22FF0FBA00CC59E5 /* BookmarkViewModel.swift */,
			);
			path = ViewModel;
			sourceTree = "<group>";
		};
		60C1AD90241DDF49001DB498 /* Search */ = {
			isa = PBXGroup;
			children = (
				60C1AD93241DE0B9001DB498 /* SearchApiMock.swift */,
				60C1AD91241DDF8C001DB498 /* SearchReactorTests.swift */,
			);
			path = Search;
			sourceTree = "<group>";
		};
		60D65C7F22FF10F000CC59E5 /* Settings */ = {
			isa = PBXGroup;
			children = (
				07C475262095EC09004450A9 /* Settings.swift */,
			);
			path = Settings;
			sourceTree = "<group>";
		};
		833125CE2FF1EE9A2A5FA1BD /* Frameworks */ = {
			isa = PBXGroup;
			children = (
				60D65C7922FF0CEA00CC59E5 /* BoxKit.framework */,
				E6449B3F9A24421138F1ABCC /* Pods_FunJCam.framework */,
				949A8DE4A037E73DF96908F6 /* Pods_FunJCamTests.framework */,
				020FA390724A9893201461B9 /* Pods_FunJCamUITests.framework */,
				469C61E329A8C1C6D0A8C362 /* Pods_FunJCamModel.framework */,
				D5D999AE351B31072E683852 /* Pods_FunJCamViewModel.framework */,
				78681DBEFF56C0B2CFFAA9F0 /* Pods_Model.framework */,
				E03502DA97FFA8A005BBAA82 /* Pods_ModelTests.framework */,
			);
			name = Frameworks;
			sourceTree = "<group>";
		};
		8D1931531FBAC47B00C30758 /* Common */ = {
			isa = PBXGroup;
			children = (
				079264B12098CD13001AF1A7 /* Protocol */,
				603072B123050E520089232E /* Application.swift */,
				078387C71E26EB0C007D298A /* FunJCamExtension.swift */,
				078387C91E26EB2A007D298A /* FJViewController.swift */,
				8D5B2F491FBAE25F004C735A /* FJNavigationController.swift */,
			);
			path = Common;
			sourceTree = "<group>";
		};
		8D1931561FBAC4B500C30758 /* Response */ = {
			isa = PBXGroup;
			children = (
				07C4752820960DFE004450A9 /* ResponseDaumImageSearch.swift */,
				07C4752C209621C4004450A9 /* ResponseNaverImageSearch.swift */,
				078387D51E26F449007D298A /* ResponseGoogleImageSearch.swift */,
			);
			path = Response;
			sourceTree = "<group>";
		};
		8D1931581FBAC4DA00C30758 /* ViewController */ = {
			isa = PBXGroup;
			children = (
				8D69890B1E27186C002F0BAE /* Main.storyboard */,
				078387EA1E26F4EA007D298A /* SearchViewController.swift */,
				078387E91E26F4EA007D298A /* RecentViewController.swift */,
				078387E61E26F4EA007D298A /* BookmarkViewController.swift */,
				0752ADD72094CEE800F0EC42 /* SettingsViewController.swift */,
				078387E81E26F4EA007D298A /* ImageViewerViewController.swift */,
			);
			path = ViewController;
			sourceTree = "<group>";
		};
		8D1931591FBAC4ED00C30758 /* View */ = {
			isa = PBXGroup;
			children = (
				078387DF1E26F4C4007D298A /* SearchedImageGridCell.xib */,
				078387DE1E26F4C4007D298A /* SearchedImageGridCell.swift */,
				078387DD1E26F4C4007D298A /* LoadMoreGridCell.xib */,
				078387DC1E26F4C4007D298A /* LoadMoreGridCell.swift */,
				078387DB1E26F4C4007D298A /* EmptySearchGridCell.xib */,
				078387DA1E26F4C4007D298A /* EmptySearchGridCell.swift */,
			);
			path = View;
			sourceTree = "<group>";
		};
		B25CAE28AE499EDB19F7ADD1 /* Pods */ = {
			isa = PBXGroup;
			children = (
				86D67C45D8745692BC8CFB26 /* Pods-FunJCam.debug.xcconfig */,
				E10D95822DB514A0797EB79A /* Pods-FunJCam.release.xcconfig */,
				AB46ACB3618E367ADCAE21C6 /* Pods-FunJCamTests.debug.xcconfig */,
				80A479B74153EB2D98683B42 /* Pods-FunJCamTests.release.xcconfig */,
				2387BC0DA03A80C1EA67BFF5 /* Pods-FunJCamUITests.debug.xcconfig */,
				98E4E7D60FE00EADD0F5A9B5 /* Pods-FunJCamUITests.release.xcconfig */,
				9AEC3FC03654886EAB8F8A87 /* Pods-FunJCamModel.debug.xcconfig */,
				CFC58E9E4AB53DAF94C53437 /* Pods-FunJCamModel.release.xcconfig */,
				79D2B401236D138EEEC8EB30 /* Pods-FunJCamViewModel.debug.xcconfig */,
				D1C54D22D95918FFAC1EEA3C /* Pods-FunJCamViewModel.release.xcconfig */,
				956FB24EA7A061D2028A7884 /* Pods-Model.debug.xcconfig */,
				37B0690E6F76807C0D5B7C13 /* Pods-Model.release.xcconfig */,
				C710780CB573A371007E62FF /* Pods-ModelTests.debug.xcconfig */,
				918CE0CE254C508D83D24FA8 /* Pods-ModelTests.release.xcconfig */,
			);
			name = Pods;
			sourceTree = "<group>";
		};
/* End PBXGroup section */

/* Begin PBXHeadersBuildPhase section */
		6011F29A241CED4200D85273 /* Headers */ = {
			isa = PBXHeadersBuildPhase;
			buildActionMask = 2147483647;
			files = (
				6011F2B1241CED4200D85273 /* Model.h in Headers */,
			);
			runOnlyForDeploymentPostprocessing = 0;
		};
/* End PBXHeadersBuildPhase section */

/* Begin PBXNativeTarget section */
		0783878F1E26E6DF007D298A /* FunJCam */ = {
			isa = PBXNativeTarget;
			buildConfigurationList = 078387B81E26E6E0007D298A /* Build configuration list for PBXNativeTarget "FunJCam" */;
			buildPhases = (
				85AFBEA1D118B9A05AFCB960 /* [CP] Check Pods Manifest.lock */,
				0783878C1E26E6DF007D298A /* Sources */,
				0783878D1E26E6DF007D298A /* Frameworks */,
				0783878E1E26E6DF007D298A /* Resources */,
				92DD8EC2B0A3BE94A009EEAB /* [CP] Embed Pods Frameworks */,
				60720F30225B8C3F0003EB0D /* Embed Frameworks */,
				079CCD0A2049C78F006DFB08 /* Run Script - SwiftLint */,
			);
			buildRules = (
			);
			dependencies = (
				6011F2B3241CED4200D85273 /* PBXTargetDependency */,
			);
			name = FunJCam;
			productName = FunJCam;
			productReference = 078387901E26E6DF007D298A /* FunJCam.app */;
			productType = "com.apple.product-type.application";
		};
		078387A31E26E6E0007D298A /* FunJCamTests */ = {
			isa = PBXNativeTarget;
			buildConfigurationList = 078387BB1E26E6E0007D298A /* Build configuration list for PBXNativeTarget "FunJCamTests" */;
			buildPhases = (
				FDDDA595D869A24FD389B9C4 /* [CP] Check Pods Manifest.lock */,
				078387A01E26E6E0007D298A /* Sources */,
				078387A11E26E6E0007D298A /* Frameworks */,
				078387A21E26E6E0007D298A /* Resources */,
				9E855FB8A519954DE42E34B4 /* [CP] Embed Pods Frameworks */,
			);
			buildRules = (
			);
			dependencies = (
				078387A61E26E6E0007D298A /* PBXTargetDependency */,
			);
			name = FunJCamTests;
			productName = FunJCamTests;
			productReference = 078387A41E26E6E0007D298A /* FunJCamTests.xctest */;
			productType = "com.apple.product-type.bundle.unit-test";
		};
		078387AE1E26E6E0007D298A /* FunJCamUITests */ = {
			isa = PBXNativeTarget;
			buildConfigurationList = 078387BE1E26E6E0007D298A /* Build configuration list for PBXNativeTarget "FunJCamUITests" */;
			buildPhases = (
				2F2C547CBED9E4652F2BA845 /* [CP] Check Pods Manifest.lock */,
				078387AB1E26E6E0007D298A /* Sources */,
				078387AC1E26E6E0007D298A /* Frameworks */,
				078387AD1E26E6E0007D298A /* Resources */,
				5AF05CA2BC311BC9D464F256 /* [CP] Embed Pods Frameworks */,
			);
			buildRules = (
			);
			dependencies = (
				078387B11E26E6E0007D298A /* PBXTargetDependency */,
			);
			name = FunJCamUITests;
			productName = FunJCamUITests;
			productReference = 078387AF1E26E6E0007D298A /* FunJCamUITests.xctest */;
			productType = "com.apple.product-type.bundle.ui-testing";
		};
		6011F29E241CED4200D85273 /* Model */ = {
			isa = PBXNativeTarget;
			buildConfigurationList = 6011F2B6241CED4200D85273 /* Build configuration list for PBXNativeTarget "Model" */;
			buildPhases = (
				5B55AF82F4435B1FAC272AA7 /* [CP] Check Pods Manifest.lock */,
				6011F29A241CED4200D85273 /* Headers */,
				6011F29B241CED4200D85273 /* Sources */,
				6011F29C241CED4200D85273 /* Frameworks */,
				6011F29D241CED4200D85273 /* Resources */,
			);
			buildRules = (
			);
			dependencies = (
			);
			name = Model;
			productName = Model;
			productReference = 6011F29F241CED4200D85273 /* Model.framework */;
			productType = "com.apple.product-type.framework";
		};
		6011F2E2241D0A7100D85273 /* ModelTests */ = {
			isa = PBXNativeTarget;
			buildConfigurationList = 6011F2EB241D0A7200D85273 /* Build configuration list for PBXNativeTarget "ModelTests" */;
			buildPhases = (
				A8F5B9A3C3C6C6FAFA4B142C /* [CP] Check Pods Manifest.lock */,
				6011F2DF241D0A7100D85273 /* Sources */,
				6011F2E0241D0A7100D85273 /* Frameworks */,
				6011F2E1241D0A7100D85273 /* Resources */,
				3C1BE641AE33B41B3E5D92B7 /* [CP] Embed Pods Frameworks */,
			);
			buildRules = (
			);
			dependencies = (
				6011F2EA241D0A7200D85273 /* PBXTargetDependency */,
			);
			name = ModelTests;
			productName = ModelTests;
			productReference = 6011F2E3241D0A7100D85273 /* ModelTests.xctest */;
			productType = "com.apple.product-type.bundle.unit-test";
		};
/* End PBXNativeTarget section */

/* Begin PBXProject section */
		078387881E26E6DF007D298A /* Project object */ = {
			isa = PBXProject;
			attributes = {
				LastSwiftUpdateCheck = 1130;
				LastUpgradeCheck = 1300;
				ORGANIZATIONNAME = utrpanic;
				TargetAttributes = {
					0783878F1E26E6DF007D298A = {
						CreatedOnToolsVersion = 8.2.1;
						LastSwiftMigration = 1020;
						ProvisioningStyle = Manual;
					};
					078387A31E26E6E0007D298A = {
						CreatedOnToolsVersion = 8.2.1;
						DevelopmentTeam = L94QTT73WH;
						LastSwiftMigration = 1020;
						ProvisioningStyle = Automatic;
						TestTargetID = 0783878F1E26E6DF007D298A;
					};
					078387AE1E26E6E0007D298A = {
						CreatedOnToolsVersion = 8.2.1;
						DevelopmentTeam = L94QTT73WH;
						LastSwiftMigration = 1020;
						ProvisioningStyle = Automatic;
						TestTargetID = 0783878F1E26E6DF007D298A;
					};
					6011F29E241CED4200D85273 = {
						CreatedOnToolsVersion = 11.3.1;
					};
					6011F2E2241D0A7100D85273 = {
						CreatedOnToolsVersion = 11.3.1;
						LastSwiftMigration = 1130;
					};
				};
			};
			buildConfigurationList = 0783878B1E26E6DF007D298A /* Build configuration list for PBXProject "FunJCam" */;
			compatibilityVersion = "Xcode 11.0";
			developmentRegion = en;
			hasScannedForEncodings = 0;
			knownRegions = (
				en,
				Base,
			);
			mainGroup = 078387871E26E6DF007D298A;
			productRefGroup = 078387911E26E6DF007D298A /* Products */;
			projectDirPath = "";
			projectRoot = "";
			targets = (
				0783878F1E26E6DF007D298A /* FunJCam */,
				078387A31E26E6E0007D298A /* FunJCamTests */,
				078387AE1E26E6E0007D298A /* FunJCamUITests */,
				6011F29E241CED4200D85273 /* Model */,
				6011F2E2241D0A7100D85273 /* ModelTests */,
			);
		};
/* End PBXProject section */

/* Begin PBXResourcesBuildPhase section */
		0783878E1E26E6DF007D298A /* Resources */ = {
			isa = PBXResourcesBuildPhase;
			buildActionMask = 2147483647;
			files = (
				078387E11E26F4C4007D298A /* EmptySearchGridCell.xib in Resources */,
				0752ADDB2094D10500F0EC42 /* Localizable.strings in Resources */,
				078387E51E26F4C4007D298A /* SearchedImageGridCell.xib in Resources */,
				0783879E1E26E6E0007D298A /* LaunchScreen.storyboard in Resources */,
				8D69890C1E27186C002F0BAE /* Main.storyboard in Resources */,
				078387E31E26F4C4007D298A /* LoadMoreGridCell.xib in Resources */,
				0783879B1E26E6E0007D298A /* Assets.xcassets in Resources */,
				0701648C202F1CDF001207BF /* GoogleService-Info.plist in Resources */,
			);
			runOnlyForDeploymentPostprocessing = 0;
		};
		078387A21E26E6E0007D298A /* Resources */ = {
			isa = PBXResourcesBuildPhase;
			buildActionMask = 2147483647;
			files = (
			);
			runOnlyForDeploymentPostprocessing = 0;
		};
		078387AD1E26E6E0007D298A /* Resources */ = {
			isa = PBXResourcesBuildPhase;
			buildActionMask = 2147483647;
			files = (
			);
			runOnlyForDeploymentPostprocessing = 0;
		};
		6011F29D241CED4200D85273 /* Resources */ = {
			isa = PBXResourcesBuildPhase;
			buildActionMask = 2147483647;
			files = (
			);
			runOnlyForDeploymentPostprocessing = 0;
		};
		6011F2E1241D0A7100D85273 /* Resources */ = {
			isa = PBXResourcesBuildPhase;
			buildActionMask = 2147483647;
			files = (
			);
			runOnlyForDeploymentPostprocessing = 0;
		};
/* End PBXResourcesBuildPhase section */

/* Begin PBXShellScriptBuildPhase section */
		079CCD0A2049C78F006DFB08 /* Run Script - SwiftLint */ = {
			isa = PBXShellScriptBuildPhase;
			buildActionMask = 2147483647;
			files = (
			);
			inputPaths = (
			);
			name = "Run Script - SwiftLint";
			outputPaths = (
			);
			runOnlyForDeploymentPostprocessing = 0;
			shellPath = /bin/sh;
			shellScript = "${PODS_ROOT}/SwiftLint/swiftlint\n";
		};
		2F2C547CBED9E4652F2BA845 /* [CP] Check Pods Manifest.lock */ = {
			isa = PBXShellScriptBuildPhase;
			buildActionMask = 2147483647;
			files = (
			);
			inputPaths = (
				"${PODS_PODFILE_DIR_PATH}/Podfile.lock",
				"${PODS_ROOT}/Manifest.lock",
			);
			name = "[CP] Check Pods Manifest.lock";
			outputPaths = (
				"$(DERIVED_FILE_DIR)/Pods-FunJCamUITests-checkManifestLockResult.txt",
			);
			runOnlyForDeploymentPostprocessing = 0;
			shellPath = /bin/sh;
			shellScript = "diff \"${PODS_PODFILE_DIR_PATH}/Podfile.lock\" \"${PODS_ROOT}/Manifest.lock\" > /dev/null\nif [ $? != 0 ] ; then\n    # print error to STDERR\n    echo \"error: The sandbox is not in sync with the Podfile.lock. Run 'pod install' or update your CocoaPods installation.\" >&2\n    exit 1\nfi\n# This output is used by Xcode 'outputs' to avoid re-running this script phase.\necho \"SUCCESS\" > \"${SCRIPT_OUTPUT_FILE_0}\"\n";
			showEnvVarsInLog = 0;
		};
		3C1BE641AE33B41B3E5D92B7 /* [CP] Embed Pods Frameworks */ = {
			isa = PBXShellScriptBuildPhase;
			buildActionMask = 2147483647;
			files = (
			);
			inputFileListPaths = (
				"${PODS_ROOT}/Target Support Files/Pods-ModelTests/Pods-ModelTests-frameworks-${CONFIGURATION}-input-files.xcfilelist",
			);
			name = "[CP] Embed Pods Frameworks";
			outputFileListPaths = (
				"${PODS_ROOT}/Target Support Files/Pods-ModelTests/Pods-ModelTests-frameworks-${CONFIGURATION}-output-files.xcfilelist",
			);
			runOnlyForDeploymentPostprocessing = 0;
			shellPath = /bin/sh;
			shellScript = "\"${PODS_ROOT}/Target Support Files/Pods-ModelTests/Pods-ModelTests-frameworks.sh\"\n";
			showEnvVarsInLog = 0;
		};
		5AF05CA2BC311BC9D464F256 /* [CP] Embed Pods Frameworks */ = {
			isa = PBXShellScriptBuildPhase;
			buildActionMask = 2147483647;
			files = (
			);
			inputFileListPaths = (
				"${PODS_ROOT}/Target Support Files/Pods-FunJCamUITests/Pods-FunJCamUITests-frameworks-${CONFIGURATION}-input-files.xcfilelist",
			);
			name = "[CP] Embed Pods Frameworks";
			outputFileListPaths = (
				"${PODS_ROOT}/Target Support Files/Pods-FunJCamUITests/Pods-FunJCamUITests-frameworks-${CONFIGURATION}-output-files.xcfilelist",
			);
			runOnlyForDeploymentPostprocessing = 0;
			shellPath = /bin/sh;
			shellScript = "\"${PODS_ROOT}/Target Support Files/Pods-FunJCamUITests/Pods-FunJCamUITests-frameworks.sh\"\n";
			showEnvVarsInLog = 0;
		};
		5B55AF82F4435B1FAC272AA7 /* [CP] Check Pods Manifest.lock */ = {
			isa = PBXShellScriptBuildPhase;
			buildActionMask = 2147483647;
			files = (
			);
			inputFileListPaths = (
			);
			inputPaths = (
				"${PODS_PODFILE_DIR_PATH}/Podfile.lock",
				"${PODS_ROOT}/Manifest.lock",
			);
			name = "[CP] Check Pods Manifest.lock";
			outputFileListPaths = (
			);
			outputPaths = (
				"$(DERIVED_FILE_DIR)/Pods-Model-checkManifestLockResult.txt",
			);
			runOnlyForDeploymentPostprocessing = 0;
			shellPath = /bin/sh;
			shellScript = "diff \"${PODS_PODFILE_DIR_PATH}/Podfile.lock\" \"${PODS_ROOT}/Manifest.lock\" > /dev/null\nif [ $? != 0 ] ; then\n    # print error to STDERR\n    echo \"error: The sandbox is not in sync with the Podfile.lock. Run 'pod install' or update your CocoaPods installation.\" >&2\n    exit 1\nfi\n# This output is used by Xcode 'outputs' to avoid re-running this script phase.\necho \"SUCCESS\" > \"${SCRIPT_OUTPUT_FILE_0}\"\n";
			showEnvVarsInLog = 0;
		};
		85AFBEA1D118B9A05AFCB960 /* [CP] Check Pods Manifest.lock */ = {
			isa = PBXShellScriptBuildPhase;
			buildActionMask = 2147483647;
			files = (
			);
			inputPaths = (
				"${PODS_PODFILE_DIR_PATH}/Podfile.lock",
				"${PODS_ROOT}/Manifest.lock",
			);
			name = "[CP] Check Pods Manifest.lock";
			outputPaths = (
				"$(DERIVED_FILE_DIR)/Pods-FunJCam-checkManifestLockResult.txt",
			);
			runOnlyForDeploymentPostprocessing = 0;
			shellPath = /bin/sh;
			shellScript = "diff \"${PODS_PODFILE_DIR_PATH}/Podfile.lock\" \"${PODS_ROOT}/Manifest.lock\" > /dev/null\nif [ $? != 0 ] ; then\n    # print error to STDERR\n    echo \"error: The sandbox is not in sync with the Podfile.lock. Run 'pod install' or update your CocoaPods installation.\" >&2\n    exit 1\nfi\n# This output is used by Xcode 'outputs' to avoid re-running this script phase.\necho \"SUCCESS\" > \"${SCRIPT_OUTPUT_FILE_0}\"\n";
			showEnvVarsInLog = 0;
		};
		92DD8EC2B0A3BE94A009EEAB /* [CP] Embed Pods Frameworks */ = {
			isa = PBXShellScriptBuildPhase;
			buildActionMask = 2147483647;
			files = (
			);
			inputFileListPaths = (
				"${PODS_ROOT}/Target Support Files/Pods-FunJCam/Pods-FunJCam-frameworks-${CONFIGURATION}-input-files.xcfilelist",
			);
			name = "[CP] Embed Pods Frameworks";
			outputFileListPaths = (
				"${PODS_ROOT}/Target Support Files/Pods-FunJCam/Pods-FunJCam-frameworks-${CONFIGURATION}-output-files.xcfilelist",
			);
			runOnlyForDeploymentPostprocessing = 0;
			shellPath = /bin/sh;
			shellScript = "\"${PODS_ROOT}/Target Support Files/Pods-FunJCam/Pods-FunJCam-frameworks.sh\"\n";
			showEnvVarsInLog = 0;
		};
		9E855FB8A519954DE42E34B4 /* [CP] Embed Pods Frameworks */ = {
			isa = PBXShellScriptBuildPhase;
			buildActionMask = 2147483647;
			files = (
			);
			inputFileListPaths = (
				"${PODS_ROOT}/Target Support Files/Pods-FunJCamTests/Pods-FunJCamTests-frameworks-${CONFIGURATION}-input-files.xcfilelist",
			);
			name = "[CP] Embed Pods Frameworks";
			outputFileListPaths = (
				"${PODS_ROOT}/Target Support Files/Pods-FunJCamTests/Pods-FunJCamTests-frameworks-${CONFIGURATION}-output-files.xcfilelist",
			);
			runOnlyForDeploymentPostprocessing = 0;
			shellPath = /bin/sh;
			shellScript = "\"${PODS_ROOT}/Target Support Files/Pods-FunJCamTests/Pods-FunJCamTests-frameworks.sh\"\n";
			showEnvVarsInLog = 0;
		};
		A8F5B9A3C3C6C6FAFA4B142C /* [CP] Check Pods Manifest.lock */ = {
			isa = PBXShellScriptBuildPhase;
			buildActionMask = 2147483647;
			files = (
			);
			inputFileListPaths = (
			);
			inputPaths = (
				"${PODS_PODFILE_DIR_PATH}/Podfile.lock",
				"${PODS_ROOT}/Manifest.lock",
			);
			name = "[CP] Check Pods Manifest.lock";
			outputFileListPaths = (
			);
			outputPaths = (
				"$(DERIVED_FILE_DIR)/Pods-ModelTests-checkManifestLockResult.txt",
			);
			runOnlyForDeploymentPostprocessing = 0;
			shellPath = /bin/sh;
			shellScript = "diff \"${PODS_PODFILE_DIR_PATH}/Podfile.lock\" \"${PODS_ROOT}/Manifest.lock\" > /dev/null\nif [ $? != 0 ] ; then\n    # print error to STDERR\n    echo \"error: The sandbox is not in sync with the Podfile.lock. Run 'pod install' or update your CocoaPods installation.\" >&2\n    exit 1\nfi\n# This output is used by Xcode 'outputs' to avoid re-running this script phase.\necho \"SUCCESS\" > \"${SCRIPT_OUTPUT_FILE_0}\"\n";
			showEnvVarsInLog = 0;
		};
		FDDDA595D869A24FD389B9C4 /* [CP] Check Pods Manifest.lock */ = {
			isa = PBXShellScriptBuildPhase;
			buildActionMask = 2147483647;
			files = (
			);
			inputPaths = (
				"${PODS_PODFILE_DIR_PATH}/Podfile.lock",
				"${PODS_ROOT}/Manifest.lock",
			);
			name = "[CP] Check Pods Manifest.lock";
			outputPaths = (
				"$(DERIVED_FILE_DIR)/Pods-FunJCamTests-checkManifestLockResult.txt",
			);
			runOnlyForDeploymentPostprocessing = 0;
			shellPath = /bin/sh;
			shellScript = "diff \"${PODS_PODFILE_DIR_PATH}/Podfile.lock\" \"${PODS_ROOT}/Manifest.lock\" > /dev/null\nif [ $? != 0 ] ; then\n    # print error to STDERR\n    echo \"error: The sandbox is not in sync with the Podfile.lock. Run 'pod install' or update your CocoaPods installation.\" >&2\n    exit 1\nfi\n# This output is used by Xcode 'outputs' to avoid re-running this script phase.\necho \"SUCCESS\" > \"${SCRIPT_OUTPUT_FILE_0}\"\n";
			showEnvVarsInLog = 0;
		};
/* End PBXShellScriptBuildPhase section */

/* Begin PBXSourcesBuildPhase section */
		0783878C1E26E6DF007D298A /* Sources */ = {
			isa = PBXSourcesBuildPhase;
			buildActionMask = 2147483647;
			files = (
				078387E21E26F4C4007D298A /* LoadMoreGridCell.swift in Sources */,
				079264B02098C5A5001AF1A7 /* HasScrollView.swift in Sources */,
				078387E41E26F4C4007D298A /* SearchedImageGridCell.swift in Sources */,
				078387EB1E26F4EA007D298A /* BookmarkViewController.swift in Sources */,
				078387EE1E26F4EA007D298A /* RecentViewController.swift in Sources */,
				078387961E26E6DF007D298A /* MainViewController.swift in Sources */,
				078387E01E26F4C4007D298A /* EmptySearchGridCell.swift in Sources */,
				078387EF1E26F4EA007D298A /* SearchViewController.swift in Sources */,
				078387CA1E26EB2A007D298A /* FJViewController.swift in Sources */,
				078387C81E26EB0C007D298A /* FunJCamExtension.swift in Sources */,
				078387ED1E26F4EA007D298A /* ImageViewerViewController.swift in Sources */,
				603072B223050E520089232E /* Application.swift in Sources */,
				8D5B2F4A1FBAE25F004C735A /* FJNavigationController.swift in Sources */,
				078387941E26E6DF007D298A /* AppDelegate.swift in Sources */,
				0752ADD82094CEE800F0EC42 /* SettingsViewController.swift in Sources */,
			);
			runOnlyForDeploymentPostprocessing = 0;
		};
		078387A01E26E6E0007D298A /* Sources */ = {
			isa = PBXSourcesBuildPhase;
			buildActionMask = 2147483647;
			files = (
				078387A91E26E6E0007D298A /* FunJCamTests.swift in Sources */,
			);
			runOnlyForDeploymentPostprocessing = 0;
		};
		078387AB1E26E6E0007D298A /* Sources */ = {
			isa = PBXSourcesBuildPhase;
			buildActionMask = 2147483647;
			files = (
				078387B41E26E6E0007D298A /* FunJCamUITests.swift in Sources */,
			);
			runOnlyForDeploymentPostprocessing = 0;
		};
		6011F29B241CED4200D85273 /* Sources */ = {
			isa = PBXSourcesBuildPhase;
			buildActionMask = 2147483647;
			files = (
				6011F2C8241CEDB000D85273 /* AlbumService.swift in Sources */,
				6011F2C0241CEDA100D85273 /* SearchKeyword.swift in Sources */,
				6011F2C6241CEDAB00D85273 /* Api+Search.swift in Sources */,
				6011F2C2241CEDA600D85273 /* ResponseNaverImageSearch.swift in Sources */,
				6011F2CD241CF3B400D85273 /* Api+Rx.swift in Sources */,
				6011F2BF241CEDA100D85273 /* SearchedImageByGoogle.swift in Sources */,
				6011F2BD241CEDA100D85273 /* SearchedImageByDaum.swift in Sources */,
				6011F2CA241CEE3F00D85273 /* BookmarkViewModel.swift in Sources */,
				6011F2BE241CEDA100D85273 /* SearchedImageByNaver.swift in Sources */,
				6011F2BC241CEDA100D85273 /* SearchedImage.swift in Sources */,
				6011F2CB241CEE6100D85273 /* Settings.swift in Sources */,
				6011F2C1241CEDA600D85273 /* ResponseDaumImageSearch.swift in Sources */,
				6011F2C4241CEDAB00D85273 /* Code.swift in Sources */,
				6011F2C7241CEDB000D85273 /* SearchService.swift in Sources */,
				6011F2C5241CEDAB00D85273 /* Api.swift in Sources */,
				6011F2CF241D054200D85273 /* SearchReactor.swift in Sources */,
				6011F2C3241CEDA600D85273 /* ResponseGoogleImageSearch.swift in Sources */,
			);
			runOnlyForDeploymentPostprocessing = 0;
		};
		6011F2DF241D0A7100D85273 /* Sources */ = {
			isa = PBXSourcesBuildPhase;
			buildActionMask = 2147483647;
			files = (
				60C1AD92241DDF8C001DB498 /* SearchReactorTests.swift in Sources */,
				60C1AD94241DE0B9001DB498 /* SearchApiMock.swift in Sources */,
				6011F2EF241D0AA400D85273 /* ModelTests.swift in Sources */,
			);
			runOnlyForDeploymentPostprocessing = 0;
		};
/* End PBXSourcesBuildPhase section */

/* Begin PBXTargetDependency section */
		078387A61E26E6E0007D298A /* PBXTargetDependency */ = {
			isa = PBXTargetDependency;
			target = 0783878F1E26E6DF007D298A /* FunJCam */;
			targetProxy = 078387A51E26E6E0007D298A /* PBXContainerItemProxy */;
		};
		078387B11E26E6E0007D298A /* PBXTargetDependency */ = {
			isa = PBXTargetDependency;
			target = 0783878F1E26E6DF007D298A /* FunJCam */;
			targetProxy = 078387B01E26E6E0007D298A /* PBXContainerItemProxy */;
		};
		6011F2B3241CED4200D85273 /* PBXTargetDependency */ = {
			isa = PBXTargetDependency;
			target = 6011F29E241CED4200D85273 /* Model */;
			targetProxy = 6011F2B2241CED4200D85273 /* PBXContainerItemProxy */;
		};
		6011F2EA241D0A7200D85273 /* PBXTargetDependency */ = {
			isa = PBXTargetDependency;
			target = 6011F29E241CED4200D85273 /* Model */;
			targetProxy = 6011F2E9241D0A7200D85273 /* PBXContainerItemProxy */;
		};
/* End PBXTargetDependency section */

/* Begin PBXVariantGroup section */
		0783879C1E26E6E0007D298A /* LaunchScreen.storyboard */ = {
			isa = PBXVariantGroup;
			children = (
				0783879D1E26E6E0007D298A /* Base */,
			);
			name = LaunchScreen.storyboard;
			sourceTree = "<group>";
		};
/* End PBXVariantGroup section */

/* Begin XCBuildConfiguration section */
		078387B61E26E6E0007D298A /* Debug */ = {
			isa = XCBuildConfiguration;
			buildSettings = {
				ALWAYS_EMBED_SWIFT_STANDARD_LIBRARIES = NO;
				ALWAYS_SEARCH_USER_PATHS = NO;
				CLANG_ANALYZER_NONNULL = YES;
				CLANG_CXX_LANGUAGE_STANDARD = "gnu++0x";
				CLANG_CXX_LIBRARY = "libc++";
				CLANG_ENABLE_MODULES = YES;
				CLANG_ENABLE_OBJC_ARC = YES;
				CLANG_WARN_BLOCK_CAPTURE_AUTORELEASING = YES;
				CLANG_WARN_BOOL_CONVERSION = YES;
				CLANG_WARN_COMMA = YES;
				CLANG_WARN_CONSTANT_CONVERSION = YES;
				CLANG_WARN_DEPRECATED_OBJC_IMPLEMENTATIONS = YES;
				CLANG_WARN_DIRECT_OBJC_ISA_USAGE = YES_ERROR;
				CLANG_WARN_DOCUMENTATION_COMMENTS = YES;
				CLANG_WARN_EMPTY_BODY = YES;
				CLANG_WARN_ENUM_CONVERSION = YES;
				CLANG_WARN_INFINITE_RECURSION = YES;
				CLANG_WARN_INT_CONVERSION = YES;
				CLANG_WARN_NON_LITERAL_NULL_CONVERSION = YES;
				CLANG_WARN_OBJC_IMPLICIT_RETAIN_SELF = YES;
				CLANG_WARN_OBJC_LITERAL_CONVERSION = YES;
				CLANG_WARN_OBJC_ROOT_CLASS = YES_ERROR;
				CLANG_WARN_QUOTED_INCLUDE_IN_FRAMEWORK_HEADER = YES;
				CLANG_WARN_RANGE_LOOP_ANALYSIS = YES;
				CLANG_WARN_STRICT_PROTOTYPES = YES;
				CLANG_WARN_SUSPICIOUS_MOVE = YES;
				CLANG_WARN_UNREACHABLE_CODE = YES;
				CLANG_WARN__DUPLICATE_METHOD_MATCH = YES;
				"CODE_SIGN_IDENTITY[sdk=iphoneos*]" = "iPhone Developer";
				COPY_PHASE_STRIP = NO;
				DEBUG_INFORMATION_FORMAT = "dwarf-with-dsym";
				ENABLE_STRICT_OBJC_MSGSEND = YES;
				ENABLE_TESTABILITY = YES;
				GCC_C_LANGUAGE_STANDARD = gnu99;
				GCC_DYNAMIC_NO_PIC = NO;
				GCC_NO_COMMON_BLOCKS = YES;
				GCC_OPTIMIZATION_LEVEL = 0;
				GCC_PREPROCESSOR_DEFINITIONS = (
					"DEBUG=1",
					"$(inherited)",
				);
				GCC_WARN_64_TO_32_BIT_CONVERSION = YES;
				GCC_WARN_ABOUT_RETURN_TYPE = YES_ERROR;
				GCC_WARN_UNDECLARED_SELECTOR = YES;
				GCC_WARN_UNINITIALIZED_AUTOS = YES_AGGRESSIVE;
				GCC_WARN_UNUSED_FUNCTION = YES;
				GCC_WARN_UNUSED_VARIABLE = YES;
				IPHONEOS_DEPLOYMENT_TARGET = 14.0;
				MTL_ENABLE_DEBUG_INFO = YES;
				ONLY_ACTIVE_ARCH = YES;
				SDKROOT = iphoneos;
				SWIFT_ACTIVE_COMPILATION_CONDITIONS = DEBUG;
				SWIFT_OPTIMIZATION_LEVEL = "-Onone";
				TARGETED_DEVICE_FAMILY = "1,2";
			};
			name = Debug;
		};
		078387B71E26E6E0007D298A /* Release */ = {
			isa = XCBuildConfiguration;
			buildSettings = {
				ALWAYS_EMBED_SWIFT_STANDARD_LIBRARIES = NO;
				ALWAYS_SEARCH_USER_PATHS = NO;
				CLANG_ANALYZER_NONNULL = YES;
				CLANG_CXX_LANGUAGE_STANDARD = "gnu++0x";
				CLANG_CXX_LIBRARY = "libc++";
				CLANG_ENABLE_MODULES = YES;
				CLANG_ENABLE_OBJC_ARC = YES;
				CLANG_WARN_BLOCK_CAPTURE_AUTORELEASING = YES;
				CLANG_WARN_BOOL_CONVERSION = YES;
				CLANG_WARN_COMMA = YES;
				CLANG_WARN_CONSTANT_CONVERSION = YES;
				CLANG_WARN_DEPRECATED_OBJC_IMPLEMENTATIONS = YES;
				CLANG_WARN_DIRECT_OBJC_ISA_USAGE = YES_ERROR;
				CLANG_WARN_DOCUMENTATION_COMMENTS = YES;
				CLANG_WARN_EMPTY_BODY = YES;
				CLANG_WARN_ENUM_CONVERSION = YES;
				CLANG_WARN_INFINITE_RECURSION = YES;
				CLANG_WARN_INT_CONVERSION = YES;
				CLANG_WARN_NON_LITERAL_NULL_CONVERSION = YES;
				CLANG_WARN_OBJC_IMPLICIT_RETAIN_SELF = YES;
				CLANG_WARN_OBJC_LITERAL_CONVERSION = YES;
				CLANG_WARN_OBJC_ROOT_CLASS = YES_ERROR;
				CLANG_WARN_QUOTED_INCLUDE_IN_FRAMEWORK_HEADER = YES;
				CLANG_WARN_RANGE_LOOP_ANALYSIS = YES;
				CLANG_WARN_STRICT_PROTOTYPES = YES;
				CLANG_WARN_SUSPICIOUS_MOVE = YES;
				CLANG_WARN_UNREACHABLE_CODE = YES;
				CLANG_WARN__DUPLICATE_METHOD_MATCH = YES;
				"CODE_SIGN_IDENTITY[sdk=iphoneos*]" = "iPhone Developer";
				COPY_PHASE_STRIP = NO;
				DEBUG_INFORMATION_FORMAT = "dwarf-with-dsym";
				ENABLE_NS_ASSERTIONS = NO;
				ENABLE_STRICT_OBJC_MSGSEND = YES;
				GCC_C_LANGUAGE_STANDARD = gnu99;
				GCC_NO_COMMON_BLOCKS = YES;
				GCC_WARN_64_TO_32_BIT_CONVERSION = YES;
				GCC_WARN_ABOUT_RETURN_TYPE = YES_ERROR;
				GCC_WARN_UNDECLARED_SELECTOR = YES;
				GCC_WARN_UNINITIALIZED_AUTOS = YES_AGGRESSIVE;
				GCC_WARN_UNUSED_FUNCTION = YES;
				GCC_WARN_UNUSED_VARIABLE = YES;
				IPHONEOS_DEPLOYMENT_TARGET = 14.0;
				MTL_ENABLE_DEBUG_INFO = NO;
				SDKROOT = iphoneos;
				SWIFT_COMPILATION_MODE = wholemodule;
				SWIFT_OPTIMIZATION_LEVEL = "-O";
				TARGETED_DEVICE_FAMILY = "1,2";
				VALIDATE_PRODUCT = YES;
			};
			name = Release;
		};
		078387B91E26E6E0007D298A /* Debug */ = {
			isa = XCBuildConfiguration;
			baseConfigurationReference = 86D67C45D8745692BC8CFB26 /* Pods-FunJCam.debug.xcconfig */;
			buildSettings = {
				ALWAYS_EMBED_SWIFT_STANDARD_LIBRARIES = "$(inherited)";
				ASSETCATALOG_COMPILER_APPICON_NAME = AppIcon;
				CODE_SIGN_IDENTITY = "iPhone Developer";
				CODE_SIGN_STYLE = Manual;
				DEVELOPMENT_TEAM = "";
				FRAMEWORK_SEARCH_PATHS = "$(inherited)";
				INFOPLIST_FILE = FunJCam/Info.plist;
				LD_RUNPATH_SEARCH_PATHS = (
					"$(inherited)",
					"@executable_path/Frameworks",
				);
				OTHER_SWIFT_FLAGS = "$(inherited) -DDEBUG -Xfrontend -debug-time-function-bodies";
				PRODUCT_BUNDLE_IDENTIFIER = dev.utrpanic.FunJCam;
				PRODUCT_NAME = "$(TARGET_NAME)";
				PROVISIONING_PROFILE_SPECIFIER = "";
				SWIFT_OBJC_BRIDGING_HEADER = "";
				SWIFT_VERSION = 5.0;
			};
			name = Debug;
		};
		078387BA1E26E6E0007D298A /* Release */ = {
			isa = XCBuildConfiguration;
			baseConfigurationReference = E10D95822DB514A0797EB79A /* Pods-FunJCam.release.xcconfig */;
			buildSettings = {
				ALWAYS_EMBED_SWIFT_STANDARD_LIBRARIES = "$(inherited)";
				ASSETCATALOG_COMPILER_APPICON_NAME = AppIcon;
				CODE_SIGN_IDENTITY = "iPhone Developer";
				CODE_SIGN_STYLE = Manual;
				DEVELOPMENT_TEAM = "";
				FRAMEWORK_SEARCH_PATHS = "$(inherited)";
				INFOPLIST_FILE = FunJCam/Info.plist;
				LD_RUNPATH_SEARCH_PATHS = (
					"$(inherited)",
					"@executable_path/Frameworks",
				);
				OTHER_SWIFT_FLAGS = "$(inherited)";
				PRODUCT_BUNDLE_IDENTIFIER = dev.utrpanic.FunJCam;
				PRODUCT_NAME = "$(TARGET_NAME)";
				PROVISIONING_PROFILE_SPECIFIER = "";
				SWIFT_OBJC_BRIDGING_HEADER = "";
				SWIFT_VERSION = 5.0;
			};
			name = Release;
		};
		078387BC1E26E6E0007D298A /* Debug */ = {
			isa = XCBuildConfiguration;
			baseConfigurationReference = AB46ACB3618E367ADCAE21C6 /* Pods-FunJCamTests.debug.xcconfig */;
			buildSettings = {
				ALWAYS_EMBED_SWIFT_STANDARD_LIBRARIES = "$(inherited)";
				BUNDLE_LOADER = "$(TEST_HOST)";
				DEVELOPMENT_TEAM = L94QTT73WH;
				INFOPLIST_FILE = FunJCamTests/Info.plist;
				LD_RUNPATH_SEARCH_PATHS = (
					"$(inherited)",
					"@executable_path/Frameworks",
					"@loader_path/Frameworks",
				);
				PRODUCT_BUNDLE_IDENTIFIER = com.the42apps.ios.FunJCamTests;
				PRODUCT_NAME = "$(TARGET_NAME)";
				SWIFT_VERSION = 5.0;
				TEST_HOST = "$(BUILT_PRODUCTS_DIR)/FunJCam.app/FunJCam";
			};
			name = Debug;
		};
		078387BD1E26E6E0007D298A /* Release */ = {
			isa = XCBuildConfiguration;
			baseConfigurationReference = 80A479B74153EB2D98683B42 /* Pods-FunJCamTests.release.xcconfig */;
			buildSettings = {
				ALWAYS_EMBED_SWIFT_STANDARD_LIBRARIES = "$(inherited)";
				BUNDLE_LOADER = "$(TEST_HOST)";
				DEVELOPMENT_TEAM = L94QTT73WH;
				INFOPLIST_FILE = FunJCamTests/Info.plist;
				LD_RUNPATH_SEARCH_PATHS = (
					"$(inherited)",
					"@executable_path/Frameworks",
					"@loader_path/Frameworks",
				);
				PRODUCT_BUNDLE_IDENTIFIER = com.the42apps.ios.FunJCamTests;
				PRODUCT_NAME = "$(TARGET_NAME)";
				SWIFT_VERSION = 5.0;
				TEST_HOST = "$(BUILT_PRODUCTS_DIR)/FunJCam.app/FunJCam";
			};
			name = Release;
		};
		078387BF1E26E6E0007D298A /* Debug */ = {
			isa = XCBuildConfiguration;
			baseConfigurationReference = 2387BC0DA03A80C1EA67BFF5 /* Pods-FunJCamUITests.debug.xcconfig */;
			buildSettings = {
				ALWAYS_EMBED_SWIFT_STANDARD_LIBRARIES = "$(inherited)";
				DEVELOPMENT_TEAM = L94QTT73WH;
				INFOPLIST_FILE = FunJCamUITests/Info.plist;
				LD_RUNPATH_SEARCH_PATHS = (
					"$(inherited)",
					"@executable_path/Frameworks",
					"@loader_path/Frameworks",
				);
				PRODUCT_BUNDLE_IDENTIFIER = com.the42apps.ios.FunJCamUITests;
				PRODUCT_NAME = "$(TARGET_NAME)";
				SWIFT_VERSION = 5.0;
				TEST_TARGET_NAME = FunJCam;
			};
			name = Debug;
		};
		078387C01E26E6E0007D298A /* Release */ = {
			isa = XCBuildConfiguration;
			baseConfigurationReference = 98E4E7D60FE00EADD0F5A9B5 /* Pods-FunJCamUITests.release.xcconfig */;
			buildSettings = {
				ALWAYS_EMBED_SWIFT_STANDARD_LIBRARIES = "$(inherited)";
				DEVELOPMENT_TEAM = L94QTT73WH;
				INFOPLIST_FILE = FunJCamUITests/Info.plist;
				LD_RUNPATH_SEARCH_PATHS = (
					"$(inherited)",
					"@executable_path/Frameworks",
					"@loader_path/Frameworks",
				);
				PRODUCT_BUNDLE_IDENTIFIER = com.the42apps.ios.FunJCamUITests;
				PRODUCT_NAME = "$(TARGET_NAME)";
				SWIFT_VERSION = 5.0;
				TEST_TARGET_NAME = FunJCam;
			};
			name = Release;
		};
		6011F2B7241CED4200D85273 /* Debug */ = {
			isa = XCBuildConfiguration;
			baseConfigurationReference = 956FB24EA7A061D2028A7884 /* Pods-Model.debug.xcconfig */;
			buildSettings = {
				ALWAYS_EMBED_SWIFT_STANDARD_LIBRARIES = "$(inherited)";
				CLANG_ANALYZER_NUMBER_OBJECT_CONVERSION = YES_AGGRESSIVE;
				CLANG_CXX_LANGUAGE_STANDARD = "gnu++14";
				CLANG_ENABLE_OBJC_WEAK = YES;
				CLANG_WARN_UNGUARDED_AVAILABILITY = YES_AGGRESSIVE;
				CODE_SIGN_IDENTITY = "";
				CODE_SIGN_STYLE = Automatic;
				CURRENT_PROJECT_VERSION = 1;
				DEBUG_INFORMATION_FORMAT = dwarf;
				DEFINES_MODULE = YES;
				DEVELOPMENT_TEAM = "";
				DYLIB_COMPATIBILITY_VERSION = 1;
				DYLIB_CURRENT_VERSION = 1;
				DYLIB_INSTALL_NAME_BASE = "@rpath";
				GCC_C_LANGUAGE_STANDARD = gnu11;
				INFOPLIST_FILE = Model/Info.plist;
				INSTALL_PATH = "$(LOCAL_LIBRARY_DIR)/Frameworks";
				LD_RUNPATH_SEARCH_PATHS = (
					"$(inherited)",
					"@executable_path/Frameworks",
					"@loader_path/Frameworks",
				);
				MTL_ENABLE_DEBUG_INFO = INCLUDE_SOURCE;
				MTL_FAST_MATH = YES;
				PRODUCT_BUNDLE_IDENTIFIER = dev.utrpanic.Model;
				PRODUCT_NAME = "$(TARGET_NAME:c99extidentifier)";
				SKIP_INSTALL = YES;
				SUPPORTS_MACCATALYST = NO;
				SWIFT_VERSION = 5.0;
				VERSIONING_SYSTEM = "apple-generic";
				VERSION_INFO_PREFIX = "";
			};
			name = Debug;
		};
		6011F2B8241CED4200D85273 /* Release */ = {
			isa = XCBuildConfiguration;
			baseConfigurationReference = 37B0690E6F76807C0D5B7C13 /* Pods-Model.release.xcconfig */;
			buildSettings = {
				ALWAYS_EMBED_SWIFT_STANDARD_LIBRARIES = "$(inherited)";
				CLANG_ANALYZER_NUMBER_OBJECT_CONVERSION = YES_AGGRESSIVE;
				CLANG_CXX_LANGUAGE_STANDARD = "gnu++14";
				CLANG_ENABLE_OBJC_WEAK = YES;
				CLANG_WARN_UNGUARDED_AVAILABILITY = YES_AGGRESSIVE;
				CODE_SIGN_IDENTITY = "";
				CODE_SIGN_STYLE = Automatic;
				CURRENT_PROJECT_VERSION = 1;
				DEFINES_MODULE = YES;
				DEVELOPMENT_TEAM = "";
				DYLIB_COMPATIBILITY_VERSION = 1;
				DYLIB_CURRENT_VERSION = 1;
				DYLIB_INSTALL_NAME_BASE = "@rpath";
				GCC_C_LANGUAGE_STANDARD = gnu11;
				INFOPLIST_FILE = Model/Info.plist;
				INSTALL_PATH = "$(LOCAL_LIBRARY_DIR)/Frameworks";
				LD_RUNPATH_SEARCH_PATHS = (
					"$(inherited)",
					"@executable_path/Frameworks",
					"@loader_path/Frameworks",
				);
				MTL_FAST_MATH = YES;
				PRODUCT_BUNDLE_IDENTIFIER = dev.utrpanic.Model;
				PRODUCT_NAME = "$(TARGET_NAME:c99extidentifier)";
				SKIP_INSTALL = YES;
				SUPPORTS_MACCATALYST = NO;
				SWIFT_VERSION = 5.0;
				VERSIONING_SYSTEM = "apple-generic";
				VERSION_INFO_PREFIX = "";
			};
			name = Release;
		};
		6011F2EC241D0A7200D85273 /* Debug */ = {
			isa = XCBuildConfiguration;
			baseConfigurationReference = C710780CB573A371007E62FF /* Pods-ModelTests.debug.xcconfig */;
			buildSettings = {
				CLANG_ANALYZER_NUMBER_OBJECT_CONVERSION = YES_AGGRESSIVE;
				CLANG_CXX_LANGUAGE_STANDARD = "gnu++14";
				CLANG_ENABLE_MODULES = YES;
				CLANG_ENABLE_OBJC_WEAK = YES;
				CLANG_WARN_UNGUARDED_AVAILABILITY = YES_AGGRESSIVE;
				CODE_SIGN_STYLE = Automatic;
				DEBUG_INFORMATION_FORMAT = dwarf;
				GCC_C_LANGUAGE_STANDARD = gnu11;
				INFOPLIST_FILE = ModelTests/Info.plist;
				LD_RUNPATH_SEARCH_PATHS = (
					"$(inherited)",
					"@executable_path/Frameworks",
					"@loader_path/Frameworks",
				);
				MTL_ENABLE_DEBUG_INFO = INCLUDE_SOURCE;
				MTL_FAST_MATH = YES;
				PRODUCT_BUNDLE_IDENTIFIER = dev.utrpanic.ModelTests;
				PRODUCT_NAME = "$(TARGET_NAME)";
				SWIFT_OPTIMIZATION_LEVEL = "-Onone";
				SWIFT_VERSION = 5.0;
				TARGETED_DEVICE_FAMILY = "1,2";
			};
			name = Debug;
		};
		6011F2ED241D0A7200D85273 /* Release */ = {
			isa = XCBuildConfiguration;
			baseConfigurationReference = 918CE0CE254C508D83D24FA8 /* Pods-ModelTests.release.xcconfig */;
			buildSettings = {
				CLANG_ANALYZER_NUMBER_OBJECT_CONVERSION = YES_AGGRESSIVE;
				CLANG_CXX_LANGUAGE_STANDARD = "gnu++14";
				CLANG_ENABLE_MODULES = YES;
				CLANG_ENABLE_OBJC_WEAK = YES;
				CLANG_WARN_UNGUARDED_AVAILABILITY = YES_AGGRESSIVE;
				CODE_SIGN_STYLE = Automatic;
				GCC_C_LANGUAGE_STANDARD = gnu11;
				INFOPLIST_FILE = ModelTests/Info.plist;
				LD_RUNPATH_SEARCH_PATHS = (
					"$(inherited)",
					"@executable_path/Frameworks",
					"@loader_path/Frameworks",
				);
				MTL_FAST_MATH = YES;
				PRODUCT_BUNDLE_IDENTIFIER = dev.utrpanic.ModelTests;
				PRODUCT_NAME = "$(TARGET_NAME)";
				SWIFT_VERSION = 5.0;
				TARGETED_DEVICE_FAMILY = "1,2";
			};
			name = Release;
		};
/* End XCBuildConfiguration section */

/* Begin XCConfigurationList section */
		0783878B1E26E6DF007D298A /* Build configuration list for PBXProject "FunJCam" */ = {
			isa = XCConfigurationList;
			buildConfigurations = (
				078387B61E26E6E0007D298A /* Debug */,
				078387B71E26E6E0007D298A /* Release */,
			);
			defaultConfigurationIsVisible = 0;
			defaultConfigurationName = Release;
		};
		078387B81E26E6E0007D298A /* Build configuration list for PBXNativeTarget "FunJCam" */ = {
			isa = XCConfigurationList;
			buildConfigurations = (
				078387B91E26E6E0007D298A /* Debug */,
				078387BA1E26E6E0007D298A /* Release */,
			);
			defaultConfigurationIsVisible = 0;
			defaultConfigurationName = Release;
		};
		078387BB1E26E6E0007D298A /* Build configuration list for PBXNativeTarget "FunJCamTests" */ = {
			isa = XCConfigurationList;
			buildConfigurations = (
				078387BC1E26E6E0007D298A /* Debug */,
				078387BD1E26E6E0007D298A /* Release */,
			);
			defaultConfigurationIsVisible = 0;
			defaultConfigurationName = Release;
		};
		078387BE1E26E6E0007D298A /* Build configuration list for PBXNativeTarget "FunJCamUITests" */ = {
			isa = XCConfigurationList;
			buildConfigurations = (
				078387BF1E26E6E0007D298A /* Debug */,
				078387C01E26E6E0007D298A /* Release */,
			);
			defaultConfigurationIsVisible = 0;
			defaultConfigurationName = Release;
		};
		6011F2B6241CED4200D85273 /* Build configuration list for PBXNativeTarget "Model" */ = {
			isa = XCConfigurationList;
			buildConfigurations = (
				6011F2B7241CED4200D85273 /* Debug */,
				6011F2B8241CED4200D85273 /* Release */,
			);
			defaultConfigurationIsVisible = 0;
			defaultConfigurationName = Release;
		};
		6011F2EB241D0A7200D85273 /* Build configuration list for PBXNativeTarget "ModelTests" */ = {
			isa = XCConfigurationList;
			buildConfigurations = (
				6011F2EC241D0A7200D85273 /* Debug */,
				6011F2ED241D0A7200D85273 /* Release */,
			);
			defaultConfigurationIsVisible = 0;
			defaultConfigurationName = Release;
		};
/* End XCConfigurationList section */
	};
	rootObject = 078387881E26E6DF007D298A /* Project object */;
}
