// !$*UTF8*$!
{
	archiveVersion = 1;
	classes = {
	};
	objectVersion = 46;
	objects = {

/* Begin PBXBuildFile section */
		074B8A981D43036B0094F36B /* ResponseSearchImage.swift in Sources */ = {isa = PBXBuildFile; fileRef = 074B8A971D43036A0094F36B /* ResponseSearchImage.swift */; };
		074B8A9F1D43097B0094F36B /* ImageViewer.storyboard in Resources */ = {isa = PBXBuildFile; fileRef = 074B8A9E1D43097B0094F36B /* ImageViewer.storyboard */; };
		074B8AA11D43098A0094F36B /* ImageViewerViewController.swift in Sources */ = {isa = PBXBuildFile; fileRef = 074B8AA01D43098A0094F36B /* ImageViewerViewController.swift */; };
		0769C09C1D44A28E00DA707C /* KakaoOpenSDK.framework in Frameworks */ = {isa = PBXBuildFile; fileRef = 0769C09B1D44A28E00DA707C /* KakaoOpenSDK.framework */; };
		0769C09F1D44EF4D00DA707C /* AlbumManager.swift in Sources */ = {isa = PBXBuildFile; fileRef = 0769C09E1D44EF4D00DA707C /* AlbumManager.swift */; };
		8AAE0230481940372BC42906 /* Pods_funjcam.framework in Frameworks */ = {isa = PBXBuildFile; fileRef = 302148B63C4DB51F309D0D4B /* Pods_funjcam.framework */; };
		8C3CC99F2B5D6E7DE8BEB055 /* Pods_funjcamTests.framework in Frameworks */ = {isa = PBXBuildFile; fileRef = 48566E8E7B2F6E0D1353AA65 /* Pods_funjcamTests.framework */; };
		8D0442541D42024800F8D6D4 /* EmptySearchGridCell.swift in Sources */ = {isa = PBXBuildFile; fileRef = 8D0442531D42024800F8D6D4 /* EmptySearchGridCell.swift */; };
		8D0442561D42025C00F8D6D4 /* LoadMoreGridCell.swift in Sources */ = {isa = PBXBuildFile; fileRef = 8D0442551D42025C00F8D6D4 /* LoadMoreGridCell.swift */; };
		8D0442581D42026A00F8D6D4 /* LoadMoreGridCell.xib in Resources */ = {isa = PBXBuildFile; fileRef = 8D0442571D42026A00F8D6D4 /* LoadMoreGridCell.xib */; };
		8D04425A1D42027900F8D6D4 /* EmptySearchGridCell.xib in Resources */ = {isa = PBXBuildFile; fileRef = 8D0442591D42027900F8D6D4 /* EmptySearchGridCell.xib */; };
		8D0442691D4212B200F8D6D4 /* Localizable.strings in Resources */ = {isa = PBXBuildFile; fileRef = 8D04426B1D4212B200F8D6D4 /* Localizable.strings */; };
		8D04426E1D42145300F8D6D4 /* GlobalFuntion.swift in Sources */ = {isa = PBXBuildFile; fileRef = 8D04426D1D42145300F8D6D4 /* GlobalFuntion.swift */; };
		8D0982CF1D476E99009750F2 /* SearchKeyword.swift in Sources */ = {isa = PBXBuildFile; fileRef = 8D0982CE1D476E99009750F2 /* SearchKeyword.swift */; };
		8D18F1A21D3DF8800058F005 /* AppDelegate.swift in Sources */ = {isa = PBXBuildFile; fileRef = 8D18F1A11D3DF8800058F005 /* AppDelegate.swift */; };
		8D18F1A41D3DF8800058F005 /* MainViewController.swift in Sources */ = {isa = PBXBuildFile; fileRef = 8D18F1A31D3DF8800058F005 /* MainViewController.swift */; };
		8D18F1A71D3DF8800058F005 /* Main.storyboard in Resources */ = {isa = PBXBuildFile; fileRef = 8D18F1A51D3DF8800058F005 /* Main.storyboard */; };
		8D18F1A91D3DF8800058F005 /* Assets.xcassets in Resources */ = {isa = PBXBuildFile; fileRef = 8D18F1A81D3DF8800058F005 /* Assets.xcassets */; };
		8D18F1AC1D3DF8800058F005 /* LaunchScreen.storyboard in Resources */ = {isa = PBXBuildFile; fileRef = 8D18F1AA1D3DF8800058F005 /* LaunchScreen.storyboard */; };
		8D18F1B71D3DF8800058F005 /* funjcamTests.swift in Sources */ = {isa = PBXBuildFile; fileRef = 8D18F1B61D3DF8800058F005 /* funjcamTests.swift */; };
		8D18F1C21D3DF8800058F005 /* funjcamUITests.swift in Sources */ = {isa = PBXBuildFile; fileRef = 8D18F1C11D3DF8800058F005 /* funjcamUITests.swift */; };
		8D18F1D21D3DFABA0058F005 /* Extension.swift in Sources */ = {isa = PBXBuildFile; fileRef = 8D18F1D11D3DFABA0058F005 /* Extension.swift */; };
		8D18F1D41D3DFAF30058F005 /* BaseViewController.swift in Sources */ = {isa = PBXBuildFile; fileRef = 8D18F1D31D3DFAF30058F005 /* BaseViewController.swift */; };
		8D18F1D71D3DFB230058F005 /* SearchedImage.swift in Sources */ = {isa = PBXBuildFile; fileRef = 8D18F1D61D3DFB230058F005 /* SearchedImage.swift */; };
		8D18F1DA1D3DFB640058F005 /* ApiManager.swift in Sources */ = {isa = PBXBuildFile; fileRef = 8D18F1D91D3DFB640058F005 /* ApiManager.swift */; };
		8D18F1DD1D3DFBA10058F005 /* LogManager.swift in Sources */ = {isa = PBXBuildFile; fileRef = 8D18F1DC1D3DFBA10058F005 /* LogManager.swift */; };
		8D18F1E51D3E023D0058F005 /* SearchedImageGridCell.swift in Sources */ = {isa = PBXBuildFile; fileRef = 8D18F1E31D3E023D0058F005 /* SearchedImageGridCell.swift */; };
		8D18F1E61D3E023D0058F005 /* SearchedImageGridCell.xib in Resources */ = {isa = PBXBuildFile; fileRef = 8D18F1E41D3E023D0058F005 /* SearchedImageGridCell.xib */; };
		8D18F1EA1D3E024A0058F005 /* BookmarkViewController.swift in Sources */ = {isa = PBXBuildFile; fileRef = 8D18F1E71D3E02490058F005 /* BookmarkViewController.swift */; };
		8D18F1EB1D3E024A0058F005 /* RecentViewController.swift in Sources */ = {isa = PBXBuildFile; fileRef = 8D18F1E81D3E024A0058F005 /* RecentViewController.swift */; };
		8D18F1EC1D3E024A0058F005 /* SearchViewController.swift in Sources */ = {isa = PBXBuildFile; fileRef = 8D18F1E91D3E024A0058F005 /* SearchViewController.swift */; };
		99A65C8D422445671B64828E /* Pods_funjcamUITests.framework in Frameworks */ = {isa = PBXBuildFile; fileRef = BFC8CD76EFF387EC6C76E058 /* Pods_funjcamUITests.framework */; };
/* End PBXBuildFile section */

/* Begin PBXContainerItemProxy section */
		8D18F1B31D3DF8800058F005 /* PBXContainerItemProxy */ = {
			isa = PBXContainerItemProxy;
			containerPortal = 8D18F1961D3DF8800058F005 /* Project object */;
			proxyType = 1;
			remoteGlobalIDString = 8D18F19D1D3DF8800058F005;
			remoteInfo = funjcam;
		};
		8D18F1BE1D3DF8800058F005 /* PBXContainerItemProxy */ = {
			isa = PBXContainerItemProxy;
			containerPortal = 8D18F1961D3DF8800058F005 /* Project object */;
			proxyType = 1;
			remoteGlobalIDString = 8D18F19D1D3DF8800058F005;
			remoteInfo = funjcam;
		};
/* End PBXContainerItemProxy section */

/* Begin PBXFileReference section */
		074B8A971D43036A0094F36B /* ResponseSearchImage.swift */ = {isa = PBXFileReference; fileEncoding = 4; lastKnownFileType = sourcecode.swift; path = ResponseSearchImage.swift; sourceTree = "<group>"; };
		074B8A9E1D43097B0094F36B /* ImageViewer.storyboard */ = {isa = PBXFileReference; fileEncoding = 4; lastKnownFileType = file.storyboard; path = ImageViewer.storyboard; sourceTree = "<group>"; };
		074B8AA01D43098A0094F36B /* ImageViewerViewController.swift */ = {isa = PBXFileReference; fileEncoding = 4; lastKnownFileType = sourcecode.swift; path = ImageViewerViewController.swift; sourceTree = "<group>"; };
		0769C09B1D44A28E00DA707C /* KakaoOpenSDK.framework */ = {isa = PBXFileReference; lastKnownFileType = wrapper.framework; path = KakaoOpenSDK.framework; sourceTree = "<group>"; };
		0769C09E1D44EF4D00DA707C /* AlbumManager.swift */ = {isa = PBXFileReference; fileEncoding = 4; lastKnownFileType = sourcecode.swift; path = AlbumManager.swift; sourceTree = "<group>"; };
		302148B63C4DB51F309D0D4B /* Pods_funjcam.framework */ = {isa = PBXFileReference; explicitFileType = wrapper.framework; includeInIndex = 0; path = Pods_funjcam.framework; sourceTree = BUILT_PRODUCTS_DIR; };
		48566E8E7B2F6E0D1353AA65 /* Pods_funjcamTests.framework */ = {isa = PBXFileReference; explicitFileType = wrapper.framework; includeInIndex = 0; path = Pods_funjcamTests.framework; sourceTree = BUILT_PRODUCTS_DIR; };
		7716B7B5622D1884B406F1BB /* Pods-funjcamUITests.debug.xcconfig */ = {isa = PBXFileReference; includeInIndex = 1; lastKnownFileType = text.xcconfig; name = "Pods-funjcamUITests.debug.xcconfig"; path = "Pods/Target Support Files/Pods-funjcamUITests/Pods-funjcamUITests.debug.xcconfig"; sourceTree = "<group>"; };
		8C39656370193851CBE3C7D2 /* Pods-funjcamTests.release.xcconfig */ = {isa = PBXFileReference; includeInIndex = 1; lastKnownFileType = text.xcconfig; name = "Pods-funjcamTests.release.xcconfig"; path = "Pods/Target Support Files/Pods-funjcamTests/Pods-funjcamTests.release.xcconfig"; sourceTree = "<group>"; };
		8D0442531D42024800F8D6D4 /* EmptySearchGridCell.swift */ = {isa = PBXFileReference; fileEncoding = 4; lastKnownFileType = sourcecode.swift; path = EmptySearchGridCell.swift; sourceTree = "<group>"; };
		8D0442551D42025C00F8D6D4 /* LoadMoreGridCell.swift */ = {isa = PBXFileReference; fileEncoding = 4; lastKnownFileType = sourcecode.swift; path = LoadMoreGridCell.swift; sourceTree = "<group>"; };
		8D0442571D42026A00F8D6D4 /* LoadMoreGridCell.xib */ = {isa = PBXFileReference; fileEncoding = 4; lastKnownFileType = file.xib; path = LoadMoreGridCell.xib; sourceTree = "<group>"; };
		8D0442591D42027900F8D6D4 /* EmptySearchGridCell.xib */ = {isa = PBXFileReference; fileEncoding = 4; lastKnownFileType = file.xib; path = EmptySearchGridCell.xib; sourceTree = "<group>"; };
		8D04426A1D4212B200F8D6D4 /* Base */ = {isa = PBXFileReference; lastKnownFileType = text.plist.strings; name = Base; path = Base.lproj/Localizable.strings; sourceTree = "<group>"; };
		8D04426C1D4212C400F8D6D4 /* ko */ = {isa = PBXFileReference; lastKnownFileType = text.plist.strings; name = ko; path = ko.lproj/Localizable.strings; sourceTree = "<group>"; };
		8D04426D1D42145300F8D6D4 /* GlobalFuntion.swift */ = {isa = PBXFileReference; fileEncoding = 4; lastKnownFileType = sourcecode.swift; path = GlobalFuntion.swift; sourceTree = "<group>"; };
		8D0982CE1D476E99009750F2 /* SearchKeyword.swift */ = {isa = PBXFileReference; fileEncoding = 4; lastKnownFileType = sourcecode.swift; path = SearchKeyword.swift; sourceTree = "<group>"; };
		8D18F19E1D3DF8800058F005 /* funjcam.app */ = {isa = PBXFileReference; explicitFileType = wrapper.application; includeInIndex = 0; path = funjcam.app; sourceTree = BUILT_PRODUCTS_DIR; };
		8D18F1A11D3DF8800058F005 /* AppDelegate.swift */ = {isa = PBXFileReference; lastKnownFileType = sourcecode.swift; path = AppDelegate.swift; sourceTree = "<group>"; };
		8D18F1A31D3DF8800058F005 /* MainViewController.swift */ = {isa = PBXFileReference; lastKnownFileType = sourcecode.swift; path = MainViewController.swift; sourceTree = "<group>"; };
		8D18F1A61D3DF8800058F005 /* Base */ = {isa = PBXFileReference; lastKnownFileType = file.storyboard; name = Base; path = Base.lproj/Main.storyboard; sourceTree = "<group>"; };
		8D18F1A81D3DF8800058F005 /* Assets.xcassets */ = {isa = PBXFileReference; lastKnownFileType = folder.assetcatalog; path = Assets.xcassets; sourceTree = "<group>"; };
		8D18F1AB1D3DF8800058F005 /* Base */ = {isa = PBXFileReference; lastKnownFileType = file.storyboard; name = Base; path = Base.lproj/LaunchScreen.storyboard; sourceTree = "<group>"; };
		8D18F1AD1D3DF8800058F005 /* Info.plist */ = {isa = PBXFileReference; lastKnownFileType = text.plist.xml; path = Info.plist; sourceTree = "<group>"; };
		8D18F1B21D3DF8800058F005 /* funjcamTests.xctest */ = {isa = PBXFileReference; explicitFileType = wrapper.cfbundle; includeInIndex = 0; path = funjcamTests.xctest; sourceTree = BUILT_PRODUCTS_DIR; };
		8D18F1B61D3DF8800058F005 /* funjcamTests.swift */ = {isa = PBXFileReference; lastKnownFileType = sourcecode.swift; path = funjcamTests.swift; sourceTree = "<group>"; };
		8D18F1B81D3DF8800058F005 /* Info.plist */ = {isa = PBXFileReference; lastKnownFileType = text.plist.xml; path = Info.plist; sourceTree = "<group>"; };
		8D18F1BD1D3DF8800058F005 /* funjcamUITests.xctest */ = {isa = PBXFileReference; explicitFileType = wrapper.cfbundle; includeInIndex = 0; path = funjcamUITests.xctest; sourceTree = BUILT_PRODUCTS_DIR; };
		8D18F1C11D3DF8800058F005 /* funjcamUITests.swift */ = {isa = PBXFileReference; lastKnownFileType = sourcecode.swift; path = funjcamUITests.swift; sourceTree = "<group>"; };
		8D18F1C31D3DF8800058F005 /* Info.plist */ = {isa = PBXFileReference; lastKnownFileType = text.plist.xml; path = Info.plist; sourceTree = "<group>"; };
		8D18F1D01D3DFA750058F005 /* BridgingHeader.h */ = {isa = PBXFileReference; lastKnownFileType = sourcecode.c.h; path = BridgingHeader.h; sourceTree = "<group>"; };
		8D18F1D11D3DFABA0058F005 /* Extension.swift */ = {isa = PBXFileReference; fileEncoding = 4; lastKnownFileType = sourcecode.swift; path = Extension.swift; sourceTree = "<group>"; };
		8D18F1D31D3DFAF30058F005 /* BaseViewController.swift */ = {isa = PBXFileReference; fileEncoding = 4; lastKnownFileType = sourcecode.swift; path = BaseViewController.swift; sourceTree = "<group>"; };
		8D18F1D61D3DFB230058F005 /* SearchedImage.swift */ = {isa = PBXFileReference; fileEncoding = 4; lastKnownFileType = sourcecode.swift; path = SearchedImage.swift; sourceTree = "<group>"; };
		8D18F1D91D3DFB640058F005 /* ApiManager.swift */ = {isa = PBXFileReference; fileEncoding = 4; lastKnownFileType = sourcecode.swift; path = ApiManager.swift; sourceTree = "<group>"; };
		8D18F1DC1D3DFBA10058F005 /* LogManager.swift */ = {isa = PBXFileReference; fileEncoding = 4; lastKnownFileType = sourcecode.swift; path = LogManager.swift; sourceTree = "<group>"; };
		8D18F1E31D3E023D0058F005 /* SearchedImageGridCell.swift */ = {isa = PBXFileReference; fileEncoding = 4; lastKnownFileType = sourcecode.swift; path = SearchedImageGridCell.swift; sourceTree = "<group>"; };
		8D18F1E41D3E023D0058F005 /* SearchedImageGridCell.xib */ = {isa = PBXFileReference; fileEncoding = 4; lastKnownFileType = file.xib; path = SearchedImageGridCell.xib; sourceTree = "<group>"; };
		8D18F1E71D3E02490058F005 /* BookmarkViewController.swift */ = {isa = PBXFileReference; fileEncoding = 4; lastKnownFileType = sourcecode.swift; path = BookmarkViewController.swift; sourceTree = "<group>"; };
		8D18F1E81D3E024A0058F005 /* RecentViewController.swift */ = {isa = PBXFileReference; fileEncoding = 4; lastKnownFileType = sourcecode.swift; path = RecentViewController.swift; sourceTree = "<group>"; };
		8D18F1E91D3E024A0058F005 /* SearchViewController.swift */ = {isa = PBXFileReference; fileEncoding = 4; lastKnownFileType = sourcecode.swift; path = SearchViewController.swift; sourceTree = "<group>"; };
		B4FDD10E79709842C6A3E013 /* Pods-funjcamTests.debug.xcconfig */ = {isa = PBXFileReference; includeInIndex = 1; lastKnownFileType = text.xcconfig; name = "Pods-funjcamTests.debug.xcconfig"; path = "Pods/Target Support Files/Pods-funjcamTests/Pods-funjcamTests.debug.xcconfig"; sourceTree = "<group>"; };
		BFC8CD76EFF387EC6C76E058 /* Pods_funjcamUITests.framework */ = {isa = PBXFileReference; explicitFileType = wrapper.framework; includeInIndex = 0; path = Pods_funjcamUITests.framework; sourceTree = BUILT_PRODUCTS_DIR; };
		F149F3CCFBE0B3B9568A126E /* Pods-funjcam.release.xcconfig */ = {isa = PBXFileReference; includeInIndex = 1; lastKnownFileType = text.xcconfig; name = "Pods-funjcam.release.xcconfig"; path = "Pods/Target Support Files/Pods-funjcam/Pods-funjcam.release.xcconfig"; sourceTree = "<group>"; };
		F4322FB85A1C8BB920E5760B /* Pods-funjcamUITests.release.xcconfig */ = {isa = PBXFileReference; includeInIndex = 1; lastKnownFileType = text.xcconfig; name = "Pods-funjcamUITests.release.xcconfig"; path = "Pods/Target Support Files/Pods-funjcamUITests/Pods-funjcamUITests.release.xcconfig"; sourceTree = "<group>"; };
		FBA530D50F768DD661364FA7 /* Pods-funjcam.debug.xcconfig */ = {isa = PBXFileReference; includeInIndex = 1; lastKnownFileType = text.xcconfig; name = "Pods-funjcam.debug.xcconfig"; path = "Pods/Target Support Files/Pods-funjcam/Pods-funjcam.debug.xcconfig"; sourceTree = "<group>"; };
/* End PBXFileReference section */

/* Begin PBXFrameworksBuildPhase section */
		8D18F19B1D3DF8800058F005 /* Frameworks */ = {
			isa = PBXFrameworksBuildPhase;
			buildActionMask = 2147483647;
			files = (
				8AAE0230481940372BC42906 /* Pods_funjcam.framework in Frameworks */,
				0769C09C1D44A28E00DA707C /* KakaoOpenSDK.framework in Frameworks */,
			);
			runOnlyForDeploymentPostprocessing = 0;
		};
		8D18F1AF1D3DF8800058F005 /* Frameworks */ = {
			isa = PBXFrameworksBuildPhase;
			buildActionMask = 2147483647;
			files = (
				8C3CC99F2B5D6E7DE8BEB055 /* Pods_funjcamTests.framework in Frameworks */,
			);
			runOnlyForDeploymentPostprocessing = 0;
		};
		8D18F1BA1D3DF8800058F005 /* Frameworks */ = {
			isa = PBXFrameworksBuildPhase;
			buildActionMask = 2147483647;
			files = (
				99A65C8D422445671B64828E /* Pods_funjcamUITests.framework in Frameworks */,
			);
			runOnlyForDeploymentPostprocessing = 0;
		};
/* End PBXFrameworksBuildPhase section */

/* Begin PBXGroup section */
		074B8A991D4309040094F36B /* ViewController */ = {
			isa = PBXGroup;
			children = (
				074B8A9E1D43097B0094F36B /* ImageViewer.storyboard */,
				074B8AA01D43098A0094F36B /* ImageViewerViewController.swift */,
			);
			name = ViewController;
			sourceTree = "<group>";
		};
		0769C09D1D44EF3200DA707C /* Manager */ = {
			isa = PBXGroup;
			children = (
				0769C09E1D44EF4D00DA707C /* AlbumManager.swift */,
			);
			name = Manager;
			sourceTree = "<group>";
		};
		0E5C8D4C0F50B7978ECCE864 /* Pods */ = {
			isa = PBXGroup;
			children = (
				FBA530D50F768DD661364FA7 /* Pods-funjcam.debug.xcconfig */,
				F149F3CCFBE0B3B9568A126E /* Pods-funjcam.release.xcconfig */,
				B4FDD10E79709842C6A3E013 /* Pods-funjcamTests.debug.xcconfig */,
				8C39656370193851CBE3C7D2 /* Pods-funjcamTests.release.xcconfig */,
				7716B7B5622D1884B406F1BB /* Pods-funjcamUITests.debug.xcconfig */,
				F4322FB85A1C8BB920E5760B /* Pods-funjcamUITests.release.xcconfig */,
			);
			name = Pods;
			sourceTree = "<group>";
		};
		7659BE7B55A2B137A15E31FD /* Frameworks */ = {
			isa = PBXGroup;
			children = (
				302148B63C4DB51F309D0D4B /* Pods_funjcam.framework */,
				48566E8E7B2F6E0D1353AA65 /* Pods_funjcamTests.framework */,
				BFC8CD76EFF387EC6C76E058 /* Pods_funjcamUITests.framework */,
				0769C09B1D44A28E00DA707C /* KakaoOpenSDK.framework */,
			);
			name = Frameworks;
			sourceTree = "<group>";
		};
		8D18F1951D3DF8800058F005 = {
			isa = PBXGroup;
			children = (
				8D18F1A01D3DF8800058F005 /* funjcam */,
				8D18F1B51D3DF8800058F005 /* funjcamTests */,
				8D18F1C01D3DF8800058F005 /* funjcamUITests */,
				8D18F19F1D3DF8800058F005 /* Products */,
				0E5C8D4C0F50B7978ECCE864 /* Pods */,
				7659BE7B55A2B137A15E31FD /* Frameworks */,
			);
			sourceTree = "<group>";
		};
		8D18F19F1D3DF8800058F005 /* Products */ = {
			isa = PBXGroup;
			children = (
				8D18F19E1D3DF8800058F005 /* funjcam.app */,
				8D18F1B21D3DF8800058F005 /* funjcamTests.xctest */,
				8D18F1BD1D3DF8800058F005 /* funjcamUITests.xctest */,
			);
			name = Products;
			sourceTree = "<group>";
		};
		8D18F1A01D3DF8800058F005 /* funjcam */ = {
			isa = PBXGroup;
			children = (
				8D18F1CF1D3DFA5E0058F005 /* Common */,
				8D18F1D51D3DFB080058F005 /* Model */,
				8D18F1D81D3DFB510058F005 /* Networking */,
				0769C09D1D44EF3200DA707C /* Manager */,
				8D18F1DE1D3E01D70058F005 /* View */,
				074B8A991D4309040094F36B /* ViewController */,
				8D18F1A11D3DF8800058F005 /* AppDelegate.swift */,
				8D18F1A51D3DF8800058F005 /* Main.storyboard */,
				8D18F1A31D3DF8800058F005 /* MainViewController.swift */,
				8D18F1E91D3E024A0058F005 /* SearchViewController.swift */,
				8D18F1E81D3E024A0058F005 /* RecentViewController.swift */,
				8D18F1E71D3E02490058F005 /* BookmarkViewController.swift */,
				8D18F1AA1D3DF8800058F005 /* LaunchScreen.storyboard */,
				8D18F1A81D3DF8800058F005 /* Assets.xcassets */,
				8D04426B1D4212B200F8D6D4 /* Localizable.strings */,
				8D18F1AD1D3DF8800058F005 /* Info.plist */,
			);
			path = funjcam;
			sourceTree = "<group>";
		};
		8D18F1B51D3DF8800058F005 /* funjcamTests */ = {
			isa = PBXGroup;
			children = (
				8D18F1B61D3DF8800058F005 /* funjcamTests.swift */,
				8D18F1B81D3DF8800058F005 /* Info.plist */,
			);
			path = funjcamTests;
			sourceTree = "<group>";
		};
		8D18F1C01D3DF8800058F005 /* funjcamUITests */ = {
			isa = PBXGroup;
			children = (
				8D18F1C11D3DF8800058F005 /* funjcamUITests.swift */,
				8D18F1C31D3DF8800058F005 /* Info.plist */,
			);
			path = funjcamUITests;
			sourceTree = "<group>";
		};
		8D18F1CF1D3DFA5E0058F005 /* Common */ = {
			isa = PBXGroup;
			children = (
				8D18F1D01D3DFA750058F005 /* BridgingHeader.h */,
				8D18F1D11D3DFABA0058F005 /* Extension.swift */,
				8D18F1D31D3DFAF30058F005 /* BaseViewController.swift */,
				8D18F1DC1D3DFBA10058F005 /* LogManager.swift */,
				8D04426D1D42145300F8D6D4 /* GlobalFuntion.swift */,
			);
			name = Common;
			sourceTree = "<group>";
		};
		8D18F1D51D3DFB080058F005 /* Model */ = {
			isa = PBXGroup;
			children = (
				8D18F1D61D3DFB230058F005 /* SearchedImage.swift */,
				8D0982CE1D476E99009750F2 /* SearchKeyword.swift */,
			);
			name = Model;
			sourceTree = "<group>";
		};
		8D18F1D81D3DFB510058F005 /* Networking */ = {
			isa = PBXGroup;
			children = (
				8D18F1D91D3DFB640058F005 /* ApiManager.swift */,
				074B8A971D43036A0094F36B /* ResponseSearchImage.swift */,
			);
			name = Networking;
			sourceTree = "<group>";
		};
		8D18F1DE1D3E01D70058F005 /* View */ = {
			isa = PBXGroup;
			children = (
				8D18F1E41D3E023D0058F005 /* SearchedImageGridCell.xib */,
				8D18F1E31D3E023D0058F005 /* SearchedImageGridCell.swift */,
				8D0442571D42026A00F8D6D4 /* LoadMoreGridCell.xib */,
				8D0442551D42025C00F8D6D4 /* LoadMoreGridCell.swift */,
				8D0442591D42027900F8D6D4 /* EmptySearchGridCell.xib */,
				8D0442531D42024800F8D6D4 /* EmptySearchGridCell.swift */,
			);
			name = View;
			sourceTree = "<group>";
		};
/* End PBXGroup section */

/* Begin PBXNativeTarget section */
		8D18F19D1D3DF8800058F005 /* funjcam */ = {
			isa = PBXNativeTarget;
			buildConfigurationList = 8D18F1C61D3DF8800058F005 /* Build configuration list for PBXNativeTarget "funjcam" */;
			buildPhases = (
				C65F5E3EB3C8481F4738E134 /* [CP] Check Pods Manifest.lock */,
				8D18F19A1D3DF8800058F005 /* Sources */,
				8D18F19B1D3DF8800058F005 /* Frameworks */,
				8D18F19C1D3DF8800058F005 /* Resources */,
				8B8ED294865CDBB9D5429A5B /* [CP] Embed Pods Frameworks */,
				720EB2C96CABDC34E98B38BB /* [CP] Copy Pods Resources */,
			);
			buildRules = (
			);
			dependencies = (
			);
			name = funjcam;
			productName = funjcam;
			productReference = 8D18F19E1D3DF8800058F005 /* funjcam.app */;
			productType = "com.apple.product-type.application";
		};
		8D18F1B11D3DF8800058F005 /* funjcamTests */ = {
			isa = PBXNativeTarget;
			buildConfigurationList = 8D18F1C91D3DF8800058F005 /* Build configuration list for PBXNativeTarget "funjcamTests" */;
			buildPhases = (
				A9C267D3664CDE0800979133 /* [CP] Check Pods Manifest.lock */,
				8D18F1AE1D3DF8800058F005 /* Sources */,
				8D18F1AF1D3DF8800058F005 /* Frameworks */,
				8D18F1B01D3DF8800058F005 /* Resources */,
				CB717055128D83CD6F24C56D /* [CP] Embed Pods Frameworks */,
				C64BF04198532CAA59D13752 /* [CP] Copy Pods Resources */,
			);
			buildRules = (
			);
			dependencies = (
				8D18F1B41D3DF8800058F005 /* PBXTargetDependency */,
			);
			name = funjcamTests;
			productName = funjcamTests;
			productReference = 8D18F1B21D3DF8800058F005 /* funjcamTests.xctest */;
			productType = "com.apple.product-type.bundle.unit-test";
		};
		8D18F1BC1D3DF8800058F005 /* funjcamUITests */ = {
			isa = PBXNativeTarget;
			buildConfigurationList = 8D18F1CC1D3DF8800058F005 /* Build configuration list for PBXNativeTarget "funjcamUITests" */;
			buildPhases = (
				524F39525C036D7CF4D451DC /* [CP] Check Pods Manifest.lock */,
				8D18F1B91D3DF8800058F005 /* Sources */,
				8D18F1BA1D3DF8800058F005 /* Frameworks */,
				8D18F1BB1D3DF8800058F005 /* Resources */,
				6FB68FB2FCD4DDD819DCC645 /* [CP] Copy Pods Resources */,
				583A9D1695F994091DAD711D /* [CP] Embed Pods Frameworks */,
			);
			buildRules = (
			);
			dependencies = (
				8D18F1BF1D3DF8800058F005 /* PBXTargetDependency */,
			);
			name = funjcamUITests;
			productName = funjcamUITests;
			productReference = 8D18F1BD1D3DF8800058F005 /* funjcamUITests.xctest */;
			productType = "com.apple.product-type.bundle.ui-testing";
		};
/* End PBXNativeTarget section */

/* Begin PBXProject section */
		8D18F1961D3DF8800058F005 /* Project object */ = {
			isa = PBXProject;
			attributes = {
				LastSwiftUpdateCheck = 0730;
				LastUpgradeCheck = 0800;
				ORGANIZATIONNAME = boxjeon;
				TargetAttributes = {
					8D18F19D1D3DF8800058F005 = {
						CreatedOnToolsVersion = 7.3.1;
						LastSwiftMigration = 0800;
					};
					8D18F1B11D3DF8800058F005 = {
						CreatedOnToolsVersion = 7.3.1;
						LastSwiftMigration = 0800;
						TestTargetID = 8D18F19D1D3DF8800058F005;
					};
					8D18F1BC1D3DF8800058F005 = {
						CreatedOnToolsVersion = 7.3.1;
						LastSwiftMigration = 0800;
						TestTargetID = 8D18F19D1D3DF8800058F005;
					};
				};
			};
			buildConfigurationList = 8D18F1991D3DF8800058F005 /* Build configuration list for PBXProject "funjcam" */;
			compatibilityVersion = "Xcode 3.2";
			developmentRegion = English;
			hasScannedForEncodings = 0;
			knownRegions = (
				en,
				Base,
				ko,
			);
			mainGroup = 8D18F1951D3DF8800058F005;
			productRefGroup = 8D18F19F1D3DF8800058F005 /* Products */;
			projectDirPath = "";
			projectRoot = "";
			targets = (
				8D18F19D1D3DF8800058F005 /* funjcam */,
				8D18F1B11D3DF8800058F005 /* funjcamTests */,
				8D18F1BC1D3DF8800058F005 /* funjcamUITests */,
			);
		};
/* End PBXProject section */

/* Begin PBXResourcesBuildPhase section */
		8D18F19C1D3DF8800058F005 /* Resources */ = {
			isa = PBXResourcesBuildPhase;
			buildActionMask = 2147483647;
			files = (
				8D18F1AC1D3DF8800058F005 /* LaunchScreen.storyboard in Resources */,
				8D18F1A91D3DF8800058F005 /* Assets.xcassets in Resources */,
				074B8A9F1D43097B0094F36B /* ImageViewer.storyboard in Resources */,
				8D18F1E61D3E023D0058F005 /* SearchedImageGridCell.xib in Resources */,
				8D0442691D4212B200F8D6D4 /* Localizable.strings in Resources */,
				8D18F1A71D3DF8800058F005 /* Main.storyboard in Resources */,
				8D04425A1D42027900F8D6D4 /* EmptySearchGridCell.xib in Resources */,
				8D0442581D42026A00F8D6D4 /* LoadMoreGridCell.xib in Resources */,
			);
			runOnlyForDeploymentPostprocessing = 0;
		};
		8D18F1B01D3DF8800058F005 /* Resources */ = {
			isa = PBXResourcesBuildPhase;
			buildActionMask = 2147483647;
			files = (
			);
			runOnlyForDeploymentPostprocessing = 0;
		};
		8D18F1BB1D3DF8800058F005 /* Resources */ = {
			isa = PBXResourcesBuildPhase;
			buildActionMask = 2147483647;
			files = (
			);
			runOnlyForDeploymentPostprocessing = 0;
		};
/* End PBXResourcesBuildPhase section */

/* Begin PBXShellScriptBuildPhase section */
		524F39525C036D7CF4D451DC /* [CP] Check Pods Manifest.lock */ = {
			isa = PBXShellScriptBuildPhase;
			buildActionMask = 2147483647;
			files = (
			);
			inputPaths = (
			);
			name = "[CP] Check Pods Manifest.lock";
			outputPaths = (
			);
			runOnlyForDeploymentPostprocessing = 0;
			shellPath = /bin/sh;
			shellScript = "diff \"${PODS_ROOT}/../Podfile.lock\" \"${PODS_ROOT}/Manifest.lock\" > /dev/null\nif [ $? != 0 ] ; then\n    # print error to STDERR\n    echo \"error: The sandbox is not in sync with the Podfile.lock. Run 'pod install' or update your CocoaPods installation.\" >&2\n    exit 1\nfi\n";
			showEnvVarsInLog = 0;
		};
		583A9D1695F994091DAD711D /* [CP] Embed Pods Frameworks */ = {
			isa = PBXShellScriptBuildPhase;
			buildActionMask = 2147483647;
			files = (
			);
			inputPaths = (
			);
			name = "[CP] Embed Pods Frameworks";
			outputPaths = (
			);
			runOnlyForDeploymentPostprocessing = 0;
			shellPath = /bin/sh;
			shellScript = "\"${SRCROOT}/Pods/Target Support Files/Pods-funjcamUITests/Pods-funjcamUITests-frameworks.sh\"\n";
			showEnvVarsInLog = 0;
		};
		6FB68FB2FCD4DDD819DCC645 /* [CP] Copy Pods Resources */ = {
			isa = PBXShellScriptBuildPhase;
			buildActionMask = 2147483647;
			files = (
			);
			inputPaths = (
			);
			name = "[CP] Copy Pods Resources";
			outputPaths = (
			);
			runOnlyForDeploymentPostprocessing = 0;
			shellPath = /bin/sh;
			shellScript = "\"${SRCROOT}/Pods/Target Support Files/Pods-funjcamUITests/Pods-funjcamUITests-resources.sh\"\n";
			showEnvVarsInLog = 0;
		};
		720EB2C96CABDC34E98B38BB /* [CP] Copy Pods Resources */ = {
			isa = PBXShellScriptBuildPhase;
			buildActionMask = 2147483647;
			files = (
			);
			inputPaths = (
			);
			name = "[CP] Copy Pods Resources";
			outputPaths = (
			);
			runOnlyForDeploymentPostprocessing = 0;
			shellPath = /bin/sh;
			shellScript = "\"${SRCROOT}/Pods/Target Support Files/Pods-funjcam/Pods-funjcam-resources.sh\"\n";
			showEnvVarsInLog = 0;
		};
		8B8ED294865CDBB9D5429A5B /* [CP] Embed Pods Frameworks */ = {
			isa = PBXShellScriptBuildPhase;
			buildActionMask = 2147483647;
			files = (
			);
			inputPaths = (
			);
			name = "[CP] Embed Pods Frameworks";
			outputPaths = (
			);
			runOnlyForDeploymentPostprocessing = 0;
			shellPath = /bin/sh;
			shellScript = "\"${SRCROOT}/Pods/Target Support Files/Pods-funjcam/Pods-funjcam-frameworks.sh\"\n";
			showEnvVarsInLog = 0;
		};
		A9C267D3664CDE0800979133 /* [CP] Check Pods Manifest.lock */ = {
			isa = PBXShellScriptBuildPhase;
			buildActionMask = 2147483647;
			files = (
			);
			inputPaths = (
			);
			name = "[CP] Check Pods Manifest.lock";
			outputPaths = (
			);
			runOnlyForDeploymentPostprocessing = 0;
			shellPath = /bin/sh;
			shellScript = "diff \"${PODS_ROOT}/../Podfile.lock\" \"${PODS_ROOT}/Manifest.lock\" > /dev/null\nif [ $? != 0 ] ; then\n    # print error to STDERR\n    echo \"error: The sandbox is not in sync with the Podfile.lock. Run 'pod install' or update your CocoaPods installation.\" >&2\n    exit 1\nfi\n";
			showEnvVarsInLog = 0;
		};
		C64BF04198532CAA59D13752 /* [CP] Copy Pods Resources */ = {
			isa = PBXShellScriptBuildPhase;
			buildActionMask = 2147483647;
			files = (
			);
			inputPaths = (
			);
			name = "[CP] Copy Pods Resources";
			outputPaths = (
			);
			runOnlyForDeploymentPostprocessing = 0;
			shellPath = /bin/sh;
			shellScript = "\"${SRCROOT}/Pods/Target Support Files/Pods-funjcamTests/Pods-funjcamTests-resources.sh\"\n";
			showEnvVarsInLog = 0;
		};
		C65F5E3EB3C8481F4738E134 /* [CP] Check Pods Manifest.lock */ = {
			isa = PBXShellScriptBuildPhase;
			buildActionMask = 2147483647;
			files = (
			);
			inputPaths = (
			);
			name = "[CP] Check Pods Manifest.lock";
			outputPaths = (
			);
			runOnlyForDeploymentPostprocessing = 0;
			shellPath = /bin/sh;
			shellScript = "diff \"${PODS_ROOT}/../Podfile.lock\" \"${PODS_ROOT}/Manifest.lock\" > /dev/null\nif [ $? != 0 ] ; then\n    # print error to STDERR\n    echo \"error: The sandbox is not in sync with the Podfile.lock. Run 'pod install' or update your CocoaPods installation.\" >&2\n    exit 1\nfi\n";
			showEnvVarsInLog = 0;
		};
		CB717055128D83CD6F24C56D /* [CP] Embed Pods Frameworks */ = {
			isa = PBXShellScriptBuildPhase;
			buildActionMask = 2147483647;
			files = (
			);
			inputPaths = (
			);
			name = "[CP] Embed Pods Frameworks";
			outputPaths = (
			);
			runOnlyForDeploymentPostprocessing = 0;
			shellPath = /bin/sh;
			shellScript = "\"${SRCROOT}/Pods/Target Support Files/Pods-funjcamTests/Pods-funjcamTests-frameworks.sh\"\n";
			showEnvVarsInLog = 0;
		};
/* End PBXShellScriptBuildPhase section */

/* Begin PBXSourcesBuildPhase section */
		8D18F19A1D3DF8800058F005 /* Sources */ = {
			isa = PBXSourcesBuildPhase;
			buildActionMask = 2147483647;
			files = (
				8D0442561D42025C00F8D6D4 /* LoadMoreGridCell.swift in Sources */,
				8D18F1D21D3DFABA0058F005 /* Extension.swift in Sources */,
				8D18F1EC1D3E024A0058F005 /* SearchViewController.swift in Sources */,
				8D18F1EB1D3E024A0058F005 /* RecentViewController.swift in Sources */,
				8D18F1D41D3DFAF30058F005 /* BaseViewController.swift in Sources */,
				8D18F1A41D3DF8800058F005 /* MainViewController.swift in Sources */,
				8D04426E1D42145300F8D6D4 /* GlobalFuntion.swift in Sources */,
				8D18F1DD1D3DFBA10058F005 /* LogManager.swift in Sources */,
				8D18F1A21D3DF8800058F005 /* AppDelegate.swift in Sources */,
				8D0982CF1D476E99009750F2 /* SearchKeyword.swift in Sources */,
				8D0442541D42024800F8D6D4 /* EmptySearchGridCell.swift in Sources */,
				8D18F1DA1D3DFB640058F005 /* ApiManager.swift in Sources */,
				074B8A981D43036B0094F36B /* ResponseSearchImage.swift in Sources */,
				8D18F1E51D3E023D0058F005 /* SearchedImageGridCell.swift in Sources */,
				8D18F1EA1D3E024A0058F005 /* BookmarkViewController.swift in Sources */,
				074B8AA11D43098A0094F36B /* ImageViewerViewController.swift in Sources */,
				0769C09F1D44EF4D00DA707C /* AlbumManager.swift in Sources */,
				8D18F1D71D3DFB230058F005 /* SearchedImage.swift in Sources */,
			);
			runOnlyForDeploymentPostprocessing = 0;
		};
		8D18F1AE1D3DF8800058F005 /* Sources */ = {
			isa = PBXSourcesBuildPhase;
			buildActionMask = 2147483647;
			files = (
				8D18F1B71D3DF8800058F005 /* funjcamTests.swift in Sources */,
			);
			runOnlyForDeploymentPostprocessing = 0;
		};
		8D18F1B91D3DF8800058F005 /* Sources */ = {
			isa = PBXSourcesBuildPhase;
			buildActionMask = 2147483647;
			files = (
				8D18F1C21D3DF8800058F005 /* funjcamUITests.swift in Sources */,
			);
			runOnlyForDeploymentPostprocessing = 0;
		};
/* End PBXSourcesBuildPhase section */

/* Begin PBXTargetDependency section */
		8D18F1B41D3DF8800058F005 /* PBXTargetDependency */ = {
			isa = PBXTargetDependency;
			target = 8D18F19D1D3DF8800058F005 /* funjcam */;
			targetProxy = 8D18F1B31D3DF8800058F005 /* PBXContainerItemProxy */;
		};
		8D18F1BF1D3DF8800058F005 /* PBXTargetDependency */ = {
			isa = PBXTargetDependency;
			target = 8D18F19D1D3DF8800058F005 /* funjcam */;
			targetProxy = 8D18F1BE1D3DF8800058F005 /* PBXContainerItemProxy */;
		};
/* End PBXTargetDependency section */

/* Begin PBXVariantGroup section */
		8D04426B1D4212B200F8D6D4 /* Localizable.strings */ = {
			isa = PBXVariantGroup;
			children = (
				8D04426A1D4212B200F8D6D4 /* Base */,
				8D04426C1D4212C400F8D6D4 /* ko */,
			);
			name = Localizable.strings;
			sourceTree = "<group>";
		};
		8D18F1A51D3DF8800058F005 /* Main.storyboard */ = {
			isa = PBXVariantGroup;
			children = (
				8D18F1A61D3DF8800058F005 /* Base */,
			);
			name = Main.storyboard;
			sourceTree = "<group>";
		};
		8D18F1AA1D3DF8800058F005 /* LaunchScreen.storyboard */ = {
			isa = PBXVariantGroup;
			children = (
				8D18F1AB1D3DF8800058F005 /* Base */,
			);
			name = LaunchScreen.storyboard;
			sourceTree = "<group>";
		};
/* End PBXVariantGroup section */

/* Begin XCBuildConfiguration section */
		8D18F1C41D3DF8800058F005 /* Debug */ = {
			isa = XCBuildConfiguration;
			buildSettings = {
				ALWAYS_SEARCH_USER_PATHS = NO;
				CLANG_ANALYZER_LOCALIZABILITY_NONLOCALIZED = YES;
				CLANG_ANALYZER_NONNULL = YES;
				CLANG_CXX_LANGUAGE_STANDARD = "gnu++0x";
				CLANG_CXX_LIBRARY = "libc++";
				CLANG_ENABLE_MODULES = YES;
				CLANG_ENABLE_OBJC_ARC = YES;
				CLANG_WARN_BOOL_CONVERSION = YES;
				CLANG_WARN_CONSTANT_CONVERSION = YES;
				CLANG_WARN_DIRECT_OBJC_ISA_USAGE = YES_ERROR;
				CLANG_WARN_EMPTY_BODY = YES;
				CLANG_WARN_ENUM_CONVERSION = YES;
				CLANG_WARN_INFINITE_RECURSION = YES;
				CLANG_WARN_INT_CONVERSION = YES;
				CLANG_WARN_OBJC_ROOT_CLASS = YES_ERROR;
				CLANG_WARN_SUSPICIOUS_MOVE = YES;
				CLANG_WARN_UNREACHABLE_CODE = YES;
				CLANG_WARN__DUPLICATE_METHOD_MATCH = YES;
				"CODE_SIGN_IDENTITY[sdk=iphoneos*]" = "iPhone Developer";
				COPY_PHASE_STRIP = NO;
				DEBUG_INFORMATION_FORMAT = dwarf;
				ENABLE_STRICT_OBJC_MSGSEND = YES;
				ENABLE_TESTABILITY = YES;
				GCC_C_LANGUAGE_STANDARD = gnu99;
				GCC_DYNAMIC_NO_PIC = NO;
				GCC_NO_COMMON_BLOCKS = YES;
				GCC_OPTIMIZATION_LEVEL = 0;
				GCC_PREPROCESSOR_DEFINITIONS = (
					"DEBUG=1",
					"$(inherited)",
				);
				GCC_WARN_64_TO_32_BIT_CONVERSION = YES;
				GCC_WARN_ABOUT_RETURN_TYPE = YES_ERROR;
				GCC_WARN_UNDECLARED_SELECTOR = YES;
				GCC_WARN_UNINITIALIZED_AUTOS = YES_AGGRESSIVE;
				GCC_WARN_UNUSED_FUNCTION = YES;
				GCC_WARN_UNUSED_VARIABLE = YES;
				IPHONEOS_DEPLOYMENT_TARGET = 10.0;
				MTL_ENABLE_DEBUG_INFO = YES;
				ONLY_ACTIVE_ARCH = YES;
				OTHER_SWIFT_FLAGS = "-DDEBUG";
				SDKROOT = iphoneos;
				SWIFT_OPTIMIZATION_LEVEL = "-Onone";
				TARGETED_DEVICE_FAMILY = "1,2";
			};
			name = Debug;
		};
		8D18F1C51D3DF8800058F005 /* Release */ = {
			isa = XCBuildConfiguration;
			buildSettings = {
				ALWAYS_SEARCH_USER_PATHS = NO;
				CLANG_ANALYZER_LOCALIZABILITY_NONLOCALIZED = YES;
				CLANG_ANALYZER_NONNULL = YES;
				CLANG_CXX_LANGUAGE_STANDARD = "gnu++0x";
				CLANG_CXX_LIBRARY = "libc++";
				CLANG_ENABLE_MODULES = YES;
				CLANG_ENABLE_OBJC_ARC = YES;
				CLANG_WARN_BOOL_CONVERSION = YES;
				CLANG_WARN_CONSTANT_CONVERSION = YES;
				CLANG_WARN_DIRECT_OBJC_ISA_USAGE = YES_ERROR;
				CLANG_WARN_EMPTY_BODY = YES;
				CLANG_WARN_ENUM_CONVERSION = YES;
				CLANG_WARN_INFINITE_RECURSION = YES;
				CLANG_WARN_INT_CONVERSION = YES;
				CLANG_WARN_OBJC_ROOT_CLASS = YES_ERROR;
				CLANG_WARN_SUSPICIOUS_MOVE = YES;
				CLANG_WARN_UNREACHABLE_CODE = YES;
				CLANG_WARN__DUPLICATE_METHOD_MATCH = YES;
				"CODE_SIGN_IDENTITY[sdk=iphoneos*]" = "iPhone Developer";
				COPY_PHASE_STRIP = NO;
				DEBUG_INFORMATION_FORMAT = "dwarf-with-dsym";
				ENABLE_NS_ASSERTIONS = NO;
				ENABLE_STRICT_OBJC_MSGSEND = YES;
				GCC_C_LANGUAGE_STANDARD = gnu99;
				GCC_NO_COMMON_BLOCKS = YES;
				GCC_WARN_64_TO_32_BIT_CONVERSION = YES;
				GCC_WARN_ABOUT_RETURN_TYPE = YES_ERROR;
				GCC_WARN_UNDECLARED_SELECTOR = YES;
				GCC_WARN_UNINITIALIZED_AUTOS = YES_AGGRESSIVE;
				GCC_WARN_UNUSED_FUNCTION = YES;
				GCC_WARN_UNUSED_VARIABLE = YES;
				IPHONEOS_DEPLOYMENT_TARGET = 10.0;
				MTL_ENABLE_DEBUG_INFO = NO;
				OTHER_SWIFT_FLAGS = "-DRELEASE";
				SDKROOT = iphoneos;
				SWIFT_OPTIMIZATION_LEVEL = "-Owholemodule";
				TARGETED_DEVICE_FAMILY = "1,2";
				VALIDATE_PRODUCT = YES;
			};
			name = Release;
		};
		8D18F1C71D3DF8800058F005 /* Debug */ = {
			isa = XCBuildConfiguration;
			baseConfigurationReference = FBA530D50F768DD661364FA7 /* Pods-funjcam.debug.xcconfig */;
			buildSettings = {
				ALWAYS_EMBED_SWIFT_STANDARD_LIBRARIES = "$(inherited)";
				ASSETCATALOG_COMPILER_APPICON_NAME = AppIcon;
				FRAMEWORK_SEARCH_PATHS = (
					"$(inherited)",
					"$(PROJECT_DIR)",
				);
				INFOPLIST_FILE = funjcam/Info.plist;
				LD_RUNPATH_SEARCH_PATHS = "$(inherited) @executable_path/Frameworks";
				PRODUCT_BUNDLE_IDENTIFIER = com.boxjeon.ios.funjcam;
				PRODUCT_NAME = "$(TARGET_NAME)";
				SWIFT_OBJC_BRIDGING_HEADER = funjcam/BridgingHeader.h;
				SWIFT_VERSION = 3.0;
			};
			name = Debug;
		};
		8D18F1C81D3DF8800058F005 /* Release */ = {
			isa = XCBuildConfiguration;
			baseConfigurationReference = F149F3CCFBE0B3B9568A126E /* Pods-funjcam.release.xcconfig */;
			buildSettings = {
				ALWAYS_EMBED_SWIFT_STANDARD_LIBRARIES = "$(inherited)";
				ASSETCATALOG_COMPILER_APPICON_NAME = AppIcon;
				FRAMEWORK_SEARCH_PATHS = (
					"$(inherited)",
					"$(PROJECT_DIR)",
				);
				INFOPLIST_FILE = funjcam/Info.plist;
				LD_RUNPATH_SEARCH_PATHS = "$(inherited) @executable_path/Frameworks";
				PRODUCT_BUNDLE_IDENTIFIER = com.boxjeon.ios.funjcam;
				PRODUCT_NAME = "$(TARGET_NAME)";
				SWIFT_OBJC_BRIDGING_HEADER = funjcam/BridgingHeader.h;
				SWIFT_VERSION = 3.0;
			};
			name = Release;
		};
		8D18F1CA1D3DF8800058F005 /* Debug */ = {
			isa = XCBuildConfiguration;
			baseConfigurationReference = B4FDD10E79709842C6A3E013 /* Pods-funjcamTests.debug.xcconfig */;
			buildSettings = {
				ALWAYS_EMBED_SWIFT_STANDARD_LIBRARIES = "$(inherited)";
				BUNDLE_LOADER = "$(TEST_HOST)";
				INFOPLIST_FILE = funjcamTests/Info.plist;
				LD_RUNPATH_SEARCH_PATHS = "$(inherited) @executable_path/Frameworks @loader_path/Frameworks";
				PRODUCT_BUNDLE_IDENTIFIER = com.boxjeon.ios.funjcamTests;
				PRODUCT_NAME = "$(TARGET_NAME)";
				SWIFT_VERSION = 3.0;
				TEST_HOST = "$(BUILT_PRODUCTS_DIR)/funjcam.app/funjcam";
			};
			name = Debug;
		};
		8D18F1CB1D3DF8800058F005 /* Release */ = {
			isa = XCBuildConfiguration;
			baseConfigurationReference = 8C39656370193851CBE3C7D2 /* Pods-funjcamTests.release.xcconfig */;
			buildSettings = {
				ALWAYS_EMBED_SWIFT_STANDARD_LIBRARIES = "$(inherited)";
				BUNDLE_LOADER = "$(TEST_HOST)";
				INFOPLIST_FILE = funjcamTests/Info.plist;
				LD_RUNPATH_SEARCH_PATHS = "$(inherited) @executable_path/Frameworks @loader_path/Frameworks";
				PRODUCT_BUNDLE_IDENTIFIER = com.boxjeon.ios.funjcamTests;
				PRODUCT_NAME = "$(TARGET_NAME)";
				SWIFT_VERSION = 3.0;
				TEST_HOST = "$(BUILT_PRODUCTS_DIR)/funjcam.app/funjcam";
			};
			name = Release;
		};
		8D18F1CD1D3DF8800058F005 /* Debug */ = {
			isa = XCBuildConfiguration;
			baseConfigurationReference = 7716B7B5622D1884B406F1BB /* Pods-funjcamUITests.debug.xcconfig */;
			buildSettings = {
				ALWAYS_EMBED_SWIFT_STANDARD_LIBRARIES = "$(inherited)";
				INFOPLIST_FILE = funjcamUITests/Info.plist;
				LD_RUNPATH_SEARCH_PATHS = "$(inherited) @executable_path/Frameworks @loader_path/Frameworks";
				PRODUCT_BUNDLE_IDENTIFIER = com.boxjeon.ios.funjcamUITests;
				PRODUCT_NAME = "$(TARGET_NAME)";
				SWIFT_VERSION = 3.0;
				TEST_TARGET_NAME = funjcam;
			};
			name = Debug;
		};
		8D18F1CE1D3DF8800058F005 /* Release */ = {
			isa = XCBuildConfiguration;
			baseConfigurationReference = F4322FB85A1C8BB920E5760B /* Pods-funjcamUITests.release.xcconfig */;
			buildSettings = {
				ALWAYS_EMBED_SWIFT_STANDARD_LIBRARIES = "$(inherited)";
				INFOPLIST_FILE = funjcamUITests/Info.plist;
				LD_RUNPATH_SEARCH_PATHS = "$(inherited) @executable_path/Frameworks @loader_path/Frameworks";
				PRODUCT_BUNDLE_IDENTIFIER = com.boxjeon.ios.funjcamUITests;
				PRODUCT_NAME = "$(TARGET_NAME)";
				SWIFT_VERSION = 3.0;
				TEST_TARGET_NAME = funjcam;
			};
			name = Release;
		};
/* End XCBuildConfiguration section */

/* Begin XCConfigurationList section */
		8D18F1991D3DF8800058F005 /* Build configuration list for PBXProject "funjcam" */ = {
			isa = XCConfigurationList;
			buildConfigurations = (
				8D18F1C41D3DF8800058F005 /* Debug */,
				8D18F1C51D3DF8800058F005 /* Release */,
			);
			defaultConfigurationIsVisible = 0;
			defaultConfigurationName = Release;
		};
		8D18F1C61D3DF8800058F005 /* Build configuration list for PBXNativeTarget "funjcam" */ = {
			isa = XCConfigurationList;
			buildConfigurations = (
				8D18F1C71D3DF8800058F005 /* Debug */,
				8D18F1C81D3DF8800058F005 /* Release */,
			);
			defaultConfigurationIsVisible = 0;
			defaultConfigurationName = Release;
		};
		8D18F1C91D3DF8800058F005 /* Build configuration list for PBXNativeTarget "funjcamTests" */ = {
			isa = XCConfigurationList;
			buildConfigurations = (
				8D18F1CA1D3DF8800058F005 /* Debug */,
				8D18F1CB1D3DF8800058F005 /* Release */,
			);
			defaultConfigurationIsVisible = 0;
			defaultConfigurationName = Release;
		};
		8D18F1CC1D3DF8800058F005 /* Build configuration list for PBXNativeTarget "funjcamUITests" */ = {
			isa = XCConfigurationList;
			buildConfigurations = (
				8D18F1CD1D3DF8800058F005 /* Debug */,
				8D18F1CE1D3DF8800058F005 /* Release */,
			);
			defaultConfigurationIsVisible = 0;
			defaultConfigurationName = Release;
		};
/* End XCConfigurationList section */
	};
	rootObject = 8D18F1961D3DF8800058F005 /* Project object */;
}
