PODS:
  - Alamofire (4.6.0)
  - BoxJeonExtension (0.9)
  - CHTCollectionViewWaterfallLayout/Swift (0.9.7)
  - Crashlytics (3.10.1):
    - Fabric (~> 1.7.5)
  - Fabric (1.7.5)
  - Firebase/Core (4.9.0):
    - FirebaseAnalytics (= 4.0.9)
    - FirebaseCore (= 4.0.15)
  - FirebaseAnalytics (4.0.9):
    - FirebaseCore (~> 4.0)
    - FirebaseInstanceID (~> 2.0)
    - GoogleToolboxForMac/NSData+zlib (~> 2.1)
    - nanopb (~> 0.3)
  - FirebaseCore (4.0.15):
    - GoogleToolboxForMac/NSData+zlib (~> 2.1)
  - FirebaseInstanceID (2.0.9):
    - FirebaseCore (~> 4.0)
  - GoogleToolboxForMac/Defines (2.1.3)
  - GoogleToolboxForMac/NSData+zlib (2.1.3):
    - GoogleToolboxForMac/Defines (= 2.1.3)
  - Kingfisher (4.6.3)
  - nanopb (0.3.8):
    - nanopb/decode (= 0.3.8)
    - nanopb/encode (= 0.3.8)
  - nanopb/decode (0.3.8)
  - nanopb/encode (0.3.8)
  - Realm (3.1.1):
    - Realm/Headers (= 3.1.1)
  - Realm/Headers (3.1.1)
  - RealmSwift (3.1.1):
    - Realm (= 3.1.1)
  - RxCocoa (4.1.2):
    - RxSwift (~> 4.0)
  - RxSwift (4.1.2)
  - SwiftLint (0.25.0)

DEPENDENCIES:
  - Alamofire
  - BoxJeonExtension (from `https://github.com/utrpanic/boxjeon-extension.git`, tag `v0.9`)
  - CHTCollectionViewWaterfallLayout/Swift
  - Crashlytics
  - Fabric
  - Firebase/Core
  - Kingfisher
  - RealmSwift
  - RxCocoa
  - SwiftLint

EXTERNAL SOURCES:
  BoxJeonExtension:
    :git: https://github.com/utrpanic/boxjeon-extension.git
    :tag: v0.9

CHECKOUT OPTIONS:
  BoxJeonExtension:
    :git: https://github.com/utrpanic/boxjeon-extension.git
    :tag: v0.9

SPEC CHECKSUMS:
  Alamofire: f41a599bd63041760b26d393ec1069d9d7b917f4
  BoxJeonExtension: c38e274b0bf5758888b3aca310ccb317b395507b
  CHTCollectionViewWaterfallLayout: 9d11068fafecac106695bb5a5d6d0f738483b598
  Crashlytics: aee1a064cbbf99b32efa3f056a5f458d846bc8ff
  Fabric: ae7146a5f505ea370a1e44820b4b1dc8890e2890
  Firebase: 632216af3ed7f31e3be34776947fdc7546cfb572
  FirebaseAnalytics: 388b630c15713f5dbf364071f5f3d6077fb52f4e
  FirebaseCore: 3bd047463058fa6b5d312c97502c52e45401cdfb
  FirebaseInstanceID: d2058a35e9bebda1b6dd42486b84917bde552a9d
  GoogleToolboxForMac: 2501e2ad72a52eb3dfe7bd9aee7dad11b858bd20
  Kingfisher: 98e6d5b5e807645743e8ed5ececd25d688d38452
  nanopb: 5601e6bca2dbf1ed831b519092ec110f66982ca3
  Realm: 42d1c38a5b1bbcc828b48a7ce702cb86fc68adf4
  RealmSwift: d31937ca6a6ee54acde64ec839523c0a3c04924b
  RxCocoa: d88ba0f1f6abf040011a9eb4b539324fc426843a
  RxSwift: e49536837d9901277638493ea537394d4b55f570
  SwiftLint: e14651157288e9e01d6e1a71db7014fb5744a8ea

PODFILE CHECKSUM: c191b73e6108d377588d5f09901f2f0e74a06926

COCOAPODS: 1.4.0
