PODS:
  - Alamofire (4.6.0)
  - BoxJeonExtension (0.9)
  - Kingfisher (4.6.1)
  - Realm (3.1.1):
    - Realm/Headers (= 3.1.1)
  - Realm/Headers (3.1.1)
  - RealmSwift (3.1.1):
    - Realm (= 3.1.1)
  - RxSwift (4.1.2)

DEPENDENCIES:
  - Alamofire
  - BoxJeonExtension (from `https://github.com/utrpanic/boxjeon-extension.git`, tag `v0.9`)
  - Kingfisher
  - RealmSwift
  - RxSwift

EXTERNAL SOURCES:
  BoxJeonExtension:
    :git: https://github.com/utrpanic/boxjeon-extension.git
    :tag: v0.9

CHECKOUT OPTIONS:
  BoxJeonExtension:
    :git: https://github.com/utrpanic/boxjeon-extension.git
    :tag: v0.9

SPEC CHECKSUMS:
  Alamofire: f41a599bd63041760b26d393ec1069d9d7b917f4
  BoxJeonExtension: c38e274b0bf5758888b3aca310ccb317b395507b
  Kingfisher: 1f9157d9c02b380cbd0b7cc890161195164eb634
  Realm: 42d1c38a5b1bbcc828b48a7ce702cb86fc68adf4
  RealmSwift: d31937ca6a6ee54acde64ec839523c0a3c04924b
  RxSwift: e49536837d9901277638493ea537394d4b55f570

PODFILE CHECKSUM: a3826da126678f2d1680d39c34a682137f420352

COCOAPODS: 1.4.0
